
Microsoft Visual Studio Solution File, Format Version 12.00
# Visual Studio 15
VisualStudioVersion = 15.0.26430.6
MinimumVisualStudioVersion = 10.0.40219.1
Project("{9A19103F-16F7-4668-BE54-9A1E7A4F7556}") = "Costura.Template", "Costura.Template\Costura.Template.csproj", "{CD9AEBAA-78F4-4A78-BF06-0CB7D84D83E8}"
EndProject
Project("{9A19103F-16F7-4668-BE54-9A1E7A4F7556}") = "Costura.Fody", "Costura.Fody\Costura.Fody.csproj", "{E5622B74-B6C6-46A5-9207-0872533E6C2F}"
EndProject
Project("{2150E333-8FDC-42A3-9474-1A3956D46DE8}") = "TestAssemblies", "TestAssemblies", "{434F54AD-0845-4F63-ACB2-162105A1A741}"
EndProject
Project("{9A19103F-16F7-4668-BE54-9A1E7A4F7556}") = "AssemblyToReference", "AssemblyToReference\AssemblyToReference.csproj", "{161FFDEB-306D-4C68-9645-F4006A73F607}"
EndProject
Project("{9A19103F-16F7-4668-BE54-9A1E7A4F7556}") = "ExeToProcess", "ExeToProcess\ExeToProcess.csproj", "{DB274326-3DC9-4CCB-9C49-8AD4EE3E60B7}"
EndProject
Project("{9A19103F-16F7-4668-BE54-9A1E7A4F7556}") = "Tests", "Tests\Tests.csproj", "{F53DA537-AE82-48B7-A84B-5F2013BC272C}"
EndProject
Project("{9A19103F-16F7-4668-BE54-9A1E7A4F7556}") = "AssemblyToReferencePreEmbedded", "AssemblyToReferencePreEmbedded\AssemblyToReferencePreEmbedded.csproj", "{BDA26419-34AD-41E0-AF5F-980A0F1DABF5}"
EndProject
Project("{9A19103F-16F7-4668-BE54-9A1E7A4F7556}") = "ExeToReference", "ExeToReference\ExeToReference.csproj", "{800938B6-EED3-41CC-A775-E3EE588C2857}"
EndProject
Project("{8BC9CEB8-8B4A-11D0-8D11-00A0C91BC942}") = "AssemblyToReferenceMixed", "AssemblyToReferenceMixed\AssemblyToReferenceMixed.vcxproj", "{8D70BAC7-C4EF-456D-9E73-777A172BCA43}"
EndProject
Project("{9A19103F-16F7-4668-BE54-9A1E7A4F7556}") = "ExeToProcessWithNative", "ExeToProcessWithNative\ExeToProcessWithNative.csproj", "{CF6E186C-FDD0-4558-B41A-ACC088393C56}"
EndProject
Project("{8BC9CEB8-8B4A-11D0-8D11-00A0C91BC942}") = "AssemblyToReferenceNative", "AssemblyToReferenceNative\AssemblyToReferenceNative.vcxproj", "{85EAF811-151B-4EDC-8625-445F33C62994}"
EndProject
Project("{9A19103F-16F7-4668-BE54-9A1E7A4F7556}") = "AssemblyToProcess", "AssemblyToProcess\AssemblyToProcess.csproj", "{15402ECE-AA3B-4773-82F8-9481A316F339}"
EndProject
Project("{9A19103F-16F7-4668-BE54-9A1E7A4F7556}") = "Costura", "Costura\Costura.csproj", "{6170BDB9-A44B-46AD-8E81-3BCEAB11813F}"
	ProjectSection(ProjectDependencies) = postProject
		{E5622B74-B6C6-46A5-9207-0872533E6C2F} = {E5622B74-B6C6-46A5-9207-0872533E6C2F}
	EndProjectSection
EndProject
Project("{9A19103F-16F7-4668-BE54-9A1E7A4F7556}") = "AssemblyWithoutInitialize", "AssemblyWithoutInitialize\AssemblyWithoutInitialize.csproj", "{A9543041-50D4-45C1-8F4B-23F805634D42}"
EndProject
Project("{2150E333-8FDC-42A3-9474-1A3956D46DE8}") = "Solution Items", "Solution Items", "{BD2A89FD-65C5-4DC9-B50F-049CA337FF20}"
	ProjectSection(SolutionItems) = preProject
		Directory.Build.props = Directory.Build.props
	EndProjectSection
EndProject
Project("{9A19103F-16F7-4668-BE54-9A1E7A4F7556}") = "IntegrationTests", "IntegrationTests\IntegrationTests.csproj", "{C199705D-3A21-422A-B2D5-F89A4DA7901C}"
EndProject
Project("{9A19103F-16F7-4668-BE54-9A1E7A4F7556}") = "ExeToProcessWithNativeAndEmbeddedMixed", "ExeToProcessWithNative\ExeToProcessWithNativeAndEmbeddedMixed.csproj", "{B593D72B-8CDA-40E0-B657-D8030283B028}"
EndProject
Global
	GlobalSection(SharedMSBuildProjectFiles) = preSolution
		Costura.Shared\Costura.Shared.projitems*{e5622b74-b6c6-46a5-9207-0872533e6c2f}*SharedItemsImports = 4
	EndGlobalSection
	GlobalSection(SolutionConfigurationPlatforms) = preSolution
		Debug|Any CPU = Debug|Any CPU
		Debug|x64 = Debug|x64
		Debug|x86 = Debug|x86
		Release|Any CPU = Release|Any CPU
		Release|x64 = Release|x64
		Release|x86 = Release|x86
	EndGlobalSection
	GlobalSection(ProjectConfigurationPlatforms) = postSolution
		{CD9AEBAA-78F4-4A78-BF06-0CB7D84D83E8}.Debug|Any CPU.ActiveCfg = Debug|Any CPU
		{CD9AEBAA-78F4-4A78-BF06-0CB7D84D83E8}.Debug|Any CPU.Build.0 = Debug|Any CPU
		{CD9AEBAA-78F4-4A78-BF06-0CB7D84D83E8}.Debug|x64.ActiveCfg = Debug|Any CPU
		{CD9AEBAA-78F4-4A78-BF06-0CB7D84D83E8}.Debug|x64.Build.0 = Debug|Any CPU
		{CD9AEBAA-78F4-4A78-BF06-0CB7D84D83E8}.Debug|x86.ActiveCfg = Debug|Any CPU
		{CD9AEBAA-78F4-4A78-BF06-0CB7D84D83E8}.Debug|x86.Build.0 = Debug|Any CPU
		{CD9AEBAA-78F4-4A78-BF06-0CB7D84D83E8}.Release|Any CPU.ActiveCfg = Release|Any CPU
		{CD9AEBAA-78F4-4A78-BF06-0CB7D84D83E8}.Release|Any CPU.Build.0 = Release|Any CPU
		{CD9AEBAA-78F4-4A78-BF06-0CB7D84D83E8}.Release|x64.ActiveCfg = Release|Any CPU
		{CD9AEBAA-78F4-4A78-BF06-0CB7D84D83E8}.Release|x64.Build.0 = Release|Any CPU
		{CD9AEBAA-78F4-4A78-BF06-0CB7D84D83E8}.Release|x86.ActiveCfg = Release|Any CPU
		{CD9AEBAA-78F4-4A78-BF06-0CB7D84D83E8}.Release|x86.Build.0 = Release|Any CPU
		{E5622B74-B6C6-46A5-9207-0872533E6C2F}.Debug|Any CPU.ActiveCfg = Debug|Any CPU
		{E5622B74-B6C6-46A5-9207-0872533E6C2F}.Debug|Any CPU.Build.0 = Debug|Any CPU
		{E5622B74-B6C6-46A5-9207-0872533E6C2F}.Debug|x64.ActiveCfg = Debug|Any CPU
		{E5622B74-B6C6-46A5-9207-0872533E6C2F}.Debug|x64.Build.0 = Debug|Any CPU
		{E5622B74-B6C6-46A5-9207-0872533E6C2F}.Debug|x86.ActiveCfg = Debug|Any CPU
		{E5622B74-B6C6-46A5-9207-0872533E6C2F}.Debug|x86.Build.0 = Debug|Any CPU
		{E5622B74-B6C6-46A5-9207-0872533E6C2F}.Release|Any CPU.ActiveCfg = Release|Any CPU
		{E5622B74-B6C6-46A5-9207-0872533E6C2F}.Release|Any CPU.Build.0 = Release|Any CPU
		{E5622B74-B6C6-46A5-9207-0872533E6C2F}.Release|x64.ActiveCfg = Release|Any CPU
		{E5622B74-B6C6-46A5-9207-0872533E6C2F}.Release|x64.Build.0 = Release|Any CPU
		{E5622B74-B6C6-46A5-9207-0872533E6C2F}.Release|x86.ActiveCfg = Release|Any CPU
		{E5622B74-B6C6-46A5-9207-0872533E6C2F}.Release|x86.Build.0 = Release|Any CPU
		{161FFDEB-306D-4C68-9645-F4006A73F607}.Debug|Any CPU.ActiveCfg = Debug|Any CPU
		{161FFDEB-306D-4C68-9645-F4006A73F607}.Debug|Any CPU.Build.0 = Debug|Any CPU
		{161FFDEB-306D-4C68-9645-F4006A73F607}.Debug|x64.ActiveCfg = Debug|Any CPU
		{161FFDEB-306D-4C68-9645-F4006A73F607}.Debug|x64.Build.0 = Debug|Any CPU
		{161FFDEB-306D-4C68-9645-F4006A73F607}.Debug|x86.ActiveCfg = Debug|Any CPU
		{161FFDEB-306D-4C68-9645-F4006A73F607}.Debug|x86.Build.0 = Debug|Any CPU
		{161FFDEB-306D-4C68-9645-F4006A73F607}.Release|Any CPU.ActiveCfg = Release|Any CPU
		{161FFDEB-306D-4C68-9645-F4006A73F607}.Release|Any CPU.Build.0 = Release|Any CPU
		{161FFDEB-306D-4C68-9645-F4006A73F607}.Release|x64.ActiveCfg = Release|Any CPU
		{161FFDEB-306D-4C68-9645-F4006A73F607}.Release|x64.Build.0 = Release|Any CPU
		{161FFDEB-306D-4C68-9645-F4006A73F607}.Release|x86.ActiveCfg = Release|Any CPU
		{161FFDEB-306D-4C68-9645-F4006A73F607}.Release|x86.Build.0 = Release|Any CPU
		{DB274326-3DC9-4CCB-9C49-8AD4EE3E60B7}.Debug|Any CPU.ActiveCfg = Debug|Any CPU
		{DB274326-3DC9-4CCB-9C49-8AD4EE3E60B7}.Debug|Any CPU.Build.0 = Debug|Any CPU
		{DB274326-3DC9-4CCB-9C49-8AD4EE3E60B7}.Debug|x64.ActiveCfg = Debug|Any CPU
		{DB274326-3DC9-4CCB-9C49-8AD4EE3E60B7}.Debug|x64.Build.0 = Debug|Any CPU
		{DB274326-3DC9-4CCB-9C49-8AD4EE3E60B7}.Debug|x86.ActiveCfg = Debug|Any CPU
		{DB274326-3DC9-4CCB-9C49-8AD4EE3E60B7}.Debug|x86.Build.0 = Debug|Any CPU
		{DB274326-3DC9-4CCB-9C49-8AD4EE3E60B7}.Release|Any CPU.ActiveCfg = Release|Any CPU
		{DB274326-3DC9-4CCB-9C49-8AD4EE3E60B7}.Release|Any CPU.Build.0 = Release|Any CPU
		{DB274326-3DC9-4CCB-9C49-8AD4EE3E60B7}.Release|x64.ActiveCfg = Release|Any CPU
		{DB274326-3DC9-4CCB-9C49-8AD4EE3E60B7}.Release|x64.Build.0 = Release|Any CPU
		{DB274326-3DC9-4CCB-9C49-8AD4EE3E60B7}.Release|x86.ActiveCfg = Release|Any CPU
		{DB274326-3DC9-4CCB-9C49-8AD4EE3E60B7}.Release|x86.Build.0 = Release|Any CPU
		{F53DA537-AE82-48B7-A84B-5F2013BC272C}.Debug|Any CPU.ActiveCfg = Debug|Any CPU
		{F53DA537-AE82-48B7-A84B-5F2013BC272C}.Debug|Any CPU.Build.0 = Debug|Any CPU
		{F53DA537-AE82-48B7-A84B-5F2013BC272C}.Debug|x64.ActiveCfg = Debug|Any CPU
		{F53DA537-AE82-48B7-A84B-5F2013BC272C}.Debug|x64.Build.0 = Debug|Any CPU
		{F53DA537-AE82-48B7-A84B-5F2013BC272C}.Debug|x86.ActiveCfg = Debug|Any CPU
		{F53DA537-AE82-48B7-A84B-5F2013BC272C}.Debug|x86.Build.0 = Debug|Any CPU
		{F53DA537-AE82-48B7-A84B-5F2013BC272C}.Release|Any CPU.ActiveCfg = Release|Any CPU
		{F53DA537-AE82-48B7-A84B-5F2013BC272C}.Release|Any CPU.Build.0 = Release|Any CPU
		{F53DA537-AE82-48B7-A84B-5F2013BC272C}.Release|x64.ActiveCfg = Release|Any CPU
		{F53DA537-AE82-48B7-A84B-5F2013BC272C}.Release|x64.Build.0 = Release|Any CPU
		{F53DA537-AE82-48B7-A84B-5F2013BC272C}.Release|x86.ActiveCfg = Release|Any CPU
		{F53DA537-AE82-48B7-A84B-5F2013BC272C}.Release|x86.Build.0 = Release|Any CPU
		{BDA26419-34AD-41E0-AF5F-980A0F1DABF5}.Debug|Any CPU.ActiveCfg = Debug|Any CPU
		{BDA26419-34AD-41E0-AF5F-980A0F1DABF5}.Debug|Any CPU.Build.0 = Debug|Any CPU
		{BDA26419-34AD-41E0-AF5F-980A0F1DABF5}.Debug|x64.ActiveCfg = Debug|Any CPU
		{BDA26419-34AD-41E0-AF5F-980A0F1DABF5}.Debug|x64.Build.0 = Debug|Any CPU
		{BDA26419-34AD-41E0-AF5F-980A0F1DABF5}.Debug|x86.ActiveCfg = Debug|Any CPU
		{BDA26419-34AD-41E0-AF5F-980A0F1DABF5}.Debug|x86.Build.0 = Debug|Any CPU
		{BDA26419-34AD-41E0-AF5F-980A0F1DABF5}.Release|Any CPU.ActiveCfg = Release|Any CPU
		{BDA26419-34AD-41E0-AF5F-980A0F1DABF5}.Release|Any CPU.Build.0 = Release|Any CPU
		{BDA26419-34AD-41E0-AF5F-980A0F1DABF5}.Release|x64.ActiveCfg = Release|Any CPU
		{BDA26419-34AD-41E0-AF5F-980A0F1DABF5}.Release|x64.Build.0 = Release|Any CPU
		{BDA26419-34AD-41E0-AF5F-980A0F1DABF5}.Release|x86.ActiveCfg = Release|Any CPU
		{BDA26419-34AD-41E0-AF5F-980A0F1DABF5}.Release|x86.Build.0 = Release|Any CPU
		{800938B6-EED3-41CC-A775-E3EE588C2857}.Debug|Any CPU.ActiveCfg = Debug|Any CPU
		{800938B6-EED3-41CC-A775-E3EE588C2857}.Debug|Any CPU.Build.0 = Debug|Any CPU
		{800938B6-EED3-41CC-A775-E3EE588C2857}.Debug|x64.ActiveCfg = Debug|Any CPU
		{800938B6-EED3-41CC-A775-E3EE588C2857}.Debug|x64.Build.0 = Debug|Any CPU
		{800938B6-EED3-41CC-A775-E3EE588C2857}.Debug|x86.ActiveCfg = Debug|Any CPU
		{800938B6-EED3-41CC-A775-E3EE588C2857}.Debug|x86.Build.0 = Debug|Any CPU
		{800938B6-EED3-41CC-A775-E3EE588C2857}.Release|Any CPU.ActiveCfg = Release|Any CPU
		{800938B6-EED3-41CC-A775-E3EE588C2857}.Release|Any CPU.Build.0 = Release|Any CPU
		{800938B6-EED3-41CC-A775-E3EE588C2857}.Release|x64.ActiveCfg = Release|Any CPU
		{800938B6-EED3-41CC-A775-E3EE588C2857}.Release|x64.Build.0 = Release|Any CPU
		{800938B6-EED3-41CC-A775-E3EE588C2857}.Release|x86.ActiveCfg = Release|Any CPU
		{800938B6-EED3-41CC-A775-E3EE588C2857}.Release|x86.Build.0 = Release|Any CPU
		{8D70BAC7-C4EF-456D-9E73-777A172BCA43}.Debug|Any CPU.ActiveCfg = Debug|Win32
		{8D70BAC7-C4EF-456D-9E73-777A172BCA43}.Debug|Any CPU.Build.0 = Debug|Win32
		{8D70BAC7-C4EF-456D-9E73-777A172BCA43}.Debug|x64.ActiveCfg = Debug|x64
		{8D70BAC7-C4EF-456D-9E73-777A172BCA43}.Debug|x64.Build.0 = Debug|x64
		{8D70BAC7-C4EF-456D-9E73-777A172BCA43}.Debug|x86.ActiveCfg = Debug|Win32
		{8D70BAC7-C4EF-456D-9E73-777A172BCA43}.Debug|x86.Build.0 = Debug|Win32
		{8D70BAC7-C4EF-456D-9E73-777A172BCA43}.Release|Any CPU.ActiveCfg = Release|Win32
		{8D70BAC7-C4EF-456D-9E73-777A172BCA43}.Release|Any CPU.Build.0 = Release|Win32
		{8D70BAC7-C4EF-456D-9E73-777A172BCA43}.Release|x64.ActiveCfg = Release|x64
		{8D70BAC7-C4EF-456D-9E73-777A172BCA43}.Release|x64.Build.0 = Release|x64
		{8D70BAC7-C4EF-456D-9E73-777A172BCA43}.Release|x86.ActiveCfg = Release|Win32
		{8D70BAC7-C4EF-456D-9E73-777A172BCA43}.Release|x86.Build.0 = Release|Win32
		{CF6E186C-FDD0-4558-B41A-ACC088393C56}.Debug|Any CPU.ActiveCfg = Debug|Any CPU
		{CF6E186C-FDD0-4558-B41A-ACC088393C56}.Debug|Any CPU.Build.0 = Debug|Any CPU
		{CF6E186C-FDD0-4558-B41A-ACC088393C56}.Debug|x64.ActiveCfg = Debug|Any CPU
		{CF6E186C-FDD0-4558-B41A-ACC088393C56}.Debug|x64.Build.0 = Debug|Any CPU
		{CF6E186C-FDD0-4558-B41A-ACC088393C56}.Debug|x86.ActiveCfg = Debug|Any CPU
		{CF6E186C-FDD0-4558-B41A-ACC088393C56}.Debug|x86.Build.0 = Debug|Any CPU
		{CF6E186C-FDD0-4558-B41A-ACC088393C56}.Release|Any CPU.ActiveCfg = Release|Any CPU
		{CF6E186C-FDD0-4558-B41A-ACC088393C56}.Release|Any CPU.Build.0 = Release|Any CPU
		{CF6E186C-FDD0-4558-B41A-ACC088393C56}.Release|x64.ActiveCfg = Release|Any CPU
		{CF6E186C-FDD0-4558-B41A-ACC088393C56}.Release|x64.Build.0 = Release|Any CPU
		{CF6E186C-FDD0-4558-B41A-ACC088393C56}.Release|x86.ActiveCfg = Release|Any CPU
		{CF6E186C-FDD0-4558-B41A-ACC088393C56}.Release|x86.Build.0 = Release|Any CPU
		{85EAF811-151B-4EDC-8625-445F33C62994}.Debug|Any CPU.ActiveCfg = Debug|Win32
		{85EAF811-151B-4EDC-8625-445F33C62994}.Debug|Any CPU.Build.0 = Debug|Win32
		{85EAF811-151B-4EDC-8625-445F33C62994}.Debug|x64.ActiveCfg = Debug|x64
		{85EAF811-151B-4EDC-8625-445F33C62994}.Debug|x64.Build.0 = Debug|x64
		{85EAF811-151B-4EDC-8625-445F33C62994}.Debug|x86.ActiveCfg = Debug|Win32
		{85EAF811-151B-4EDC-8625-445F33C62994}.Debug|x86.Build.0 = Debug|Win32
		{85EAF811-151B-4EDC-8625-445F33C62994}.Release|Any CPU.ActiveCfg = Release|Win32
		{85EAF811-151B-4EDC-8625-445F33C62994}.Release|Any CPU.Build.0 = Release|Win32
		{85EAF811-151B-4EDC-8625-445F33C62994}.Release|x64.ActiveCfg = Release|x64
		{85EAF811-151B-4EDC-8625-445F33C62994}.Release|x64.Build.0 = Release|x64
		{85EAF811-151B-4EDC-8625-445F33C62994}.Release|x86.ActiveCfg = Release|Win32
		{85EAF811-151B-4EDC-8625-445F33C62994}.Release|x86.Build.0 = Release|Win32
		{15402ECE-AA3B-4773-82F8-9481A316F339}.Debug|Any CPU.ActiveCfg = Debug|Any CPU
		{15402ECE-AA3B-4773-82F8-9481A316F339}.Debug|Any CPU.Build.0 = Debug|Any CPU
		{15402ECE-AA3B-4773-82F8-9481A316F339}.Debug|x64.ActiveCfg = Debug|Any CPU
		{15402ECE-AA3B-4773-82F8-9481A316F339}.Debug|x64.Build.0 = Debug|Any CPU
		{15402ECE-AA3B-4773-82F8-9481A316F339}.Debug|x86.ActiveCfg = Debug|Any CPU
		{15402ECE-AA3B-4773-82F8-9481A316F339}.Debug|x86.Build.0 = Debug|Any CPU
		{15402ECE-AA3B-4773-82F8-9481A316F339}.Release|Any CPU.ActiveCfg = Release|Any CPU
		{15402ECE-AA3B-4773-82F8-9481A316F339}.Release|Any CPU.Build.0 = Release|Any CPU
		{15402ECE-AA3B-4773-82F8-9481A316F339}.Release|x64.ActiveCfg = Release|Any CPU
		{15402ECE-AA3B-4773-82F8-9481A316F339}.Release|x64.Build.0 = Release|Any CPU
		{15402ECE-AA3B-4773-82F8-9481A316F339}.Release|x86.ActiveCfg = Release|Any CPU
		{15402ECE-AA3B-4773-82F8-9481A316F339}.Release|x86.Build.0 = Release|Any CPU
		{6170BDB9-A44B-46AD-8E81-3BCEAB11813F}.Debug|Any CPU.ActiveCfg = Debug|Any CPU
		{6170BDB9-A44B-46AD-8E81-3BCEAB11813F}.Debug|Any CPU.Build.0 = Debug|Any CPU
		{6170BDB9-A44B-46AD-8E81-3BCEAB11813F}.Debug|x64.ActiveCfg = Debug|Any CPU
		{6170BDB9-A44B-46AD-8E81-3BCEAB11813F}.Debug|x64.Build.0 = Debug|Any CPU
		{6170BDB9-A44B-46AD-8E81-3BCEAB11813F}.Debug|x86.ActiveCfg = Debug|Any CPU
		{6170BDB9-A44B-46AD-8E81-3BCEAB11813F}.Debug|x86.Build.0 = Debug|Any CPU
		{6170BDB9-A44B-46AD-8E81-3BCEAB11813F}.Release|Any CPU.ActiveCfg = Release|Any CPU
		{6170BDB9-A44B-46AD-8E81-3BCEAB11813F}.Release|Any CPU.Build.0 = Release|Any CPU
		{6170BDB9-A44B-46AD-8E81-3BCEAB11813F}.Release|x64.ActiveCfg = Release|Any CPU
		{6170BDB9-A44B-46AD-8E81-3BCEAB11813F}.Release|x64.Build.0 = Release|Any CPU
		{6170BDB9-A44B-46AD-8E81-3BCEAB11813F}.Release|x86.ActiveCfg = Release|Any CPU
		{6170BDB9-A44B-46AD-8E81-3BCEAB11813F}.Release|x86.Build.0 = Release|Any CPU
		{A9543041-50D4-45C1-8F4B-23F805634D42}.Debug|Any CPU.ActiveCfg = Debug|Any CPU
		{A9543041-50D4-45C1-8F4B-23F805634D42}.Debug|Any CPU.Build.0 = Debug|Any CPU
		{A9543041-50D4-45C1-8F4B-23F805634D42}.Debug|x64.ActiveCfg = Debug|Any CPU
		{A9543041-50D4-45C1-8F4B-23F805634D42}.Debug|x64.Build.0 = Debug|Any CPU
		{A9543041-50D4-45C1-8F4B-23F805634D42}.Debug|x86.ActiveCfg = Debug|Any CPU
		{A9543041-50D4-45C1-8F4B-23F805634D42}.Debug|x86.Build.0 = Debug|Any CPU
		{A9543041-50D4-45C1-8F4B-23F805634D42}.Release|Any CPU.ActiveCfg = Release|Any CPU
		{A9543041-50D4-45C1-8F4B-23F805634D42}.Release|Any CPU.Build.0 = Release|Any CPU
		{A9543041-50D4-45C1-8F4B-23F805634D42}.Release|x64.ActiveCfg = Release|Any CPU
		{A9543041-50D4-45C1-8F4B-23F805634D42}.Release|x64.Build.0 = Release|Any CPU
		{A9543041-50D4-45C1-8F4B-23F805634D42}.Release|x86.ActiveCfg = Release|Any CPU
		{A9543041-50D4-45C1-8F4B-23F805634D42}.Release|x86.Build.0 = Release|Any CPU
		{C199705D-3A21-422A-B2D5-F89A4DA7901C}.Debug|Any CPU.ActiveCfg = Debug|Any CPU
		{C199705D-3A21-422A-B2D5-F89A4DA7901C}.Debug|Any CPU.Build.0 = Debug|Any CPU
		{C199705D-3A21-422A-B2D5-F89A4DA7901C}.Debug|x64.ActiveCfg = Debug|Any CPU
		{C199705D-3A21-422A-B2D5-F89A4DA7901C}.Debug|x64.Build.0 = Debug|Any CPU
		{C199705D-3A21-422A-B2D5-F89A4DA7901C}.Debug|x86.ActiveCfg = Debug|Any CPU
		{C199705D-3A21-422A-B2D5-F89A4DA7901C}.Debug|x86.Build.0 = Debug|Any CPU
		{C199705D-3A21-422A-B2D5-F89A4DA7901C}.Release|Any CPU.ActiveCfg = Release|Any CPU
		{C199705D-3A21-422A-B2D5-F89A4DA7901C}.Release|Any CPU.Build.0 = Release|Any CPU
		{C199705D-3A21-422A-B2D5-F89A4DA7901C}.Release|x64.ActiveCfg = Release|Any CPU
		{C199705D-3A21-422A-B2D5-F89A4DA7901C}.Release|x64.Build.0 = Release|Any CPU
		{C199705D-3A21-422A-B2D5-F89A4DA7901C}.Release|x86.ActiveCfg = Release|Any CPU
		{C199705D-3A21-422A-B2D5-F89A4DA7901C}.Release|x86.Build.0 = Release|Any CPU
		{B593D72B-8CDA-40E0-B657-D8030283B028}.Debug|Any CPU.ActiveCfg = Debug|Any CPU
		{B593D72B-8CDA-40E0-B657-D8030283B028}.Debug|Any CPU.Build.0 = Debug|Any CPU
		{B593D72B-8CDA-40E0-B657-D8030283B028}.Debug|x64.ActiveCfg = Debug|Any CPU
		{B593D72B-8CDA-40E0-B657-D8030283B028}.Debug|x64.Build.0 = Debug|Any CPU
		{B593D72B-8CDA-40E0-B657-D8030283B028}.Debug|x86.ActiveCfg = Debug|Any CPU
		{B593D72B-8CDA-40E0-B657-D8030283B028}.Debug|x86.Build.0 = Debug|Any CPU
		{B593D72B-8CDA-40E0-B657-D8030283B028}.Release|Any CPU.ActiveCfg = Release|Any CPU
		{B593D72B-8CDA-40E0-B657-D8030283B028}.Release|Any CPU.Build.0 = Release|Any CPU
		{B593D72B-8CDA-40E0-B657-D8030283B028}.Release|x64.ActiveCfg = Release|Any CPU
		{B593D72B-8CDA-40E0-B657-D8030283B028}.Release|x64.Build.0 = Release|Any CPU
		{B593D72B-8CDA-40E0-B657-D8030283B028}.Release|x86.ActiveCfg = Release|Any CPU
		{B593D72B-8CDA-40E0-B657-D8030283B028}.Release|x86.Build.0 = Release|Any CPU
	EndGlobalSection
	GlobalSection(SolutionProperties) = preSolution
		HideSolutionNode = FALSE
	EndGlobalSection
	GlobalSection(NestedProjects) = preSolution
		{161FFDEB-306D-4C68-9645-F4006A73F607} = {434F54AD-0845-4F63-ACB2-162105A1A741}
		{DB274326-3DC9-4CCB-9C49-8AD4EE3E60B7} = {434F54AD-0845-4F63-ACB2-162105A1A741}
		{BDA26419-34AD-41E0-AF5F-980A0F1DABF5} = {434F54AD-0845-4F63-ACB2-162105A1A741}
		{800938B6-EED3-41CC-A775-E3EE588C2857} = {434F54AD-0845-4F63-ACB2-162105A1A741}
		{8D70BAC7-C4EF-456D-9E73-777A172BCA43} = {434F54AD-0845-4F63-ACB2-162105A1A741}
		{CF6E186C-FDD0-4558-B41A-ACC088393C56} = {434F54AD-0845-4F63-ACB2-162105A1A741}
		{85EAF811-151B-4EDC-8625-445F33C62994} = {434F54AD-0845-4F63-ACB2-162105A1A741}
		{15402ECE-AA3B-4773-82F8-9481A316F339} = {434F54AD-0845-4F63-ACB2-162105A1A741}
		{A9543041-50D4-45C1-8F4B-23F805634D42} = {434F54AD-0845-4F63-ACB2-162105A1A741}
		{B593D72B-8CDA-40E0-B657-D8030283B028} = {434F54AD-0845-4F63-ACB2-162105A1A741}
	EndGlobalSection
	GlobalSection(ExtensibilityGlobals) = postSolution
		SolutionGuid = {2231BA74-85F3-48B2-9340-B98CDF1C5031}
	EndGlobalSection
EndGlobal
