
Microsoft Visual Studio Solution File, Format Version 12.00
# Visual Studio 2012
Project("{FAE04EC0-301F-11D3-BF4B-00C04F79EFBC}") = "Fody", "Fody\Fody.csproj", "{C3578A7B-09A6-4444-9383-0DEAFA4958BD}"
EndProject
Project("{FAE04EC0-301F-11D3-BF4B-00C04F79EFBC}") = "Tests", "Tests\Tests.csproj", "{5A86453B-96FB-4B6E-A283-225BB9F753D3}"
EndProject
Project("{FAE04EC0-301F-11D3-BF4B-00C04F79EFBC}") = "AssemblyToProcess", "AssemblyToProcess\AssemblyToProcess.csproj", "{7DEC4E2D-F872-434E-A267-0BAD65299950}"
EndProject
Project("{FAE04EC0-301F-11D3-BF4B-00C04F79EFBC}") = "Nuget", "NuGet\Nuget.csproj", "{63786CE5-D899-43DF-AD4E-C2CA3BAC3FC2}"
	ProjectSection(ProjectDependencies) = postProject
		{C3578A7B-09A6-4444-9383-0DEAFA4958BD} = {C3578A7B-09A6-4444-9383-0DEAFA4958BD}
	EndProjectSection
EndProject
Project("{FAE04EC0-301F-11D3-BF4B-00C04F79EFBC}") = "Template", "Template\Template.csproj", "{63B07D1B-DD7A-4753-A8E0-071B6D1C8284}"
EndProject
Project("{FAE04EC0-301F-11D3-BF4B-00C04F79EFBC}") = "AssemblyToReference", "AssemblyToReference\AssemblyToReference.csproj", "{CD522993-41DF-4663-8585-7A8C98F6945E}"
EndProject
Project("{FAE04EC0-301F-11D3-BF4B-00C04F79EFBC}") = "AssemblyToReferencePreEmbed", "AssemblyToReferencePreEmbed\AssemblyToReferencePreEmbed.csproj", "{E46EF81A-044A-43EF-82BD-F583BC4C045A}"
EndProject
Project("{FAE04EC0-301F-11D3-BF4B-00C04F79EFBC}") = "AssemblyWithLoadNonExistentAssembly", "AssemblyWithLoadNonExistentAssembly\AssemblyWithLoadNonExistentAssembly.csproj", "{48206525-D571-4768-B3CC-2437DC329128}"
EndProject
Global
	GlobalSection(SolutionConfigurationPlatforms) = preSolution
		Debug|Any CPU = Debug|Any CPU
		Debug|x86 = Debug|x86
		Release|Any CPU = Release|Any CPU
		Release|x86 = Release|x86
	EndGlobalSection
	GlobalSection(ProjectConfigurationPlatforms) = postSolution
		{C3578A7B-09A6-4444-9383-0DEAFA4958BD}.Debug|Any CPU.ActiveCfg = Debug|Any CPU
		{C3578A7B-09A6-4444-9383-0DEAFA4958BD}.Debug|Any CPU.Build.0 = Debug|Any CPU
		{C3578A7B-09A6-4444-9383-0DEAFA4958BD}.Debug|x86.ActiveCfg = Debug|Any CPU
		{C3578A7B-09A6-4444-9383-0DEAFA4958BD}.Release|Any CPU.ActiveCfg = Release|Any CPU
		{C3578A7B-09A6-4444-9383-0DEAFA4958BD}.Release|Any CPU.Build.0 = Release|Any CPU
		{C3578A7B-09A6-4444-9383-0DEAFA4958BD}.Release|x86.ActiveCfg = Release|Any CPU
		{5A86453B-96FB-4B6E-A283-225BB9F753D3}.Debug|Any CPU.ActiveCfg = Debug|Any CPU
		{5A86453B-96FB-4B6E-A283-225BB9F753D3}.Debug|Any CPU.Build.0 = Debug|Any CPU
		{5A86453B-96FB-4B6E-A283-225BB9F753D3}.Debug|x86.ActiveCfg = Debug|Any CPU
		{5A86453B-96FB-4B6E-A283-225BB9F753D3}.Release|Any CPU.ActiveCfg = Release|Any CPU
		{5A86453B-96FB-4B6E-A283-225BB9F753D3}.Release|Any CPU.Build.0 = Release|Any CPU
		{5A86453B-96FB-4B6E-A283-225BB9F753D3}.Release|x86.ActiveCfg = Release|Any CPU
		{7DEC4E2D-F872-434E-A267-0BAD65299950}.Debug|Any CPU.ActiveCfg = Debug|Any CPU
		{7DEC4E2D-F872-434E-A267-0BAD65299950}.Debug|Any CPU.Build.0 = Debug|Any CPU
		{7DEC4E2D-F872-434E-A267-0BAD65299950}.Debug|x86.ActiveCfg = Debug|Any CPU
		{7DEC4E2D-F872-434E-A267-0BAD65299950}.Release|Any CPU.ActiveCfg = Release|Any CPU
		{7DEC4E2D-F872-434E-A267-0BAD65299950}.Release|Any CPU.Build.0 = Release|Any CPU
		{7DEC4E2D-F872-434E-A267-0BAD65299950}.Release|x86.ActiveCfg = Release|Any CPU
		{63786CE5-D899-43DF-AD4E-C2CA3BAC3FC2}.Debug|Any CPU.ActiveCfg = Debug|Any CPU
		{63786CE5-D899-43DF-AD4E-C2CA3BAC3FC2}.Debug|Any CPU.Build.0 = Debug|Any CPU
		{63786CE5-D899-43DF-AD4E-C2CA3BAC3FC2}.Debug|x86.ActiveCfg = Debug|Any CPU
		{63786CE5-D899-43DF-AD4E-C2CA3BAC3FC2}.Release|Any CPU.ActiveCfg = Release|Any CPU
		{63786CE5-D899-43DF-AD4E-C2CA3BAC3FC2}.Release|Any CPU.Build.0 = Release|Any CPU
		{63786CE5-D899-43DF-AD4E-C2CA3BAC3FC2}.Release|x86.ActiveCfg = Release|Any CPU
		{63B07D1B-DD7A-4753-A8E0-071B6D1C8284}.Debug|Any CPU.ActiveCfg = Debug|Any CPU
		{63B07D1B-DD7A-4753-A8E0-071B6D1C8284}.Debug|Any CPU.Build.0 = Debug|Any CPU
		{63B07D1B-DD7A-4753-A8E0-071B6D1C8284}.Debug|x86.ActiveCfg = Debug|Any CPU
		{63B07D1B-DD7A-4753-A8E0-071B6D1C8284}.Release|Any CPU.ActiveCfg = Release|Any CPU
		{63B07D1B-DD7A-4753-A8E0-071B6D1C8284}.Release|Any CPU.Build.0 = Release|Any CPU
		{63B07D1B-DD7A-4753-A8E0-071B6D1C8284}.Release|x86.ActiveCfg = Release|Any CPU
		{CD522993-41DF-4663-8585-7A8C98F6945E}.Debug|Any CPU.ActiveCfg = Debug|Any CPU
		{CD522993-41DF-4663-8585-7A8C98F6945E}.Debug|Any CPU.Build.0 = Debug|Any CPU
		{CD522993-41DF-4663-8585-7A8C98F6945E}.Debug|x86.ActiveCfg = Debug|Any CPU
		{CD522993-41DF-4663-8585-7A8C98F6945E}.Release|Any CPU.ActiveCfg = Release|Any CPU
		{CD522993-41DF-4663-8585-7A8C98F6945E}.Release|Any CPU.Build.0 = Release|Any CPU
		{CD522993-41DF-4663-8585-7A8C98F6945E}.Release|x86.ActiveCfg = Release|Any CPU
		{E46EF81A-044A-43EF-82BD-F583BC4C045A}.Debug|Any CPU.ActiveCfg = Debug|Any CPU
		{E46EF81A-044A-43EF-82BD-F583BC4C045A}.Debug|Any CPU.Build.0 = Debug|Any CPU
		{E46EF81A-044A-43EF-82BD-F583BC4C045A}.Debug|x86.ActiveCfg = Debug|Any CPU
		{E46EF81A-044A-43EF-82BD-F583BC4C045A}.Release|Any CPU.ActiveCfg = Release|Any CPU
		{E46EF81A-044A-43EF-82BD-F583BC4C045A}.Release|Any CPU.Build.0 = Release|Any CPU
		{E46EF81A-044A-43EF-82BD-F583BC4C045A}.Release|x86.ActiveCfg = Release|Any CPU
		{48206525-D571-4768-B3CC-2437DC329128}.Debug|Any CPU.ActiveCfg = Debug|Any CPU
		{48206525-D571-4768-B3CC-2437DC329128}.Debug|Any CPU.Build.0 = Debug|Any CPU
		{48206525-D571-4768-B3CC-2437DC329128}.Debug|x86.ActiveCfg = Debug|Any CPU
		{48206525-D571-4768-B3CC-2437DC329128}.Release|Any CPU.ActiveCfg = Release|Any CPU
		{48206525-D571-4768-B3CC-2437DC329128}.Release|Any CPU.Build.0 = Release|Any CPU
		{48206525-D571-4768-B3CC-2437DC329128}.Release|x86.ActiveCfg = Release|Any CPU
	EndGlobalSection
	GlobalSection(SolutionProperties) = preSolution
		HideSolutionNode = FALSE
	EndGlobalSection
EndGlobal
