
Microsoft Visual Studio Solution File, Format Version 12.00
# Visual Studio 2012
Project("{FAE04EC0-301F-11D3-BF4B-00C04F79EFBC}") = "Fody", "Fody\Fody.csproj", "{C3578A7B-09A6-4444-9383-0DEAFA4958BD}"
EndProject
Project("{FAE04EC0-301F-11D3-BF4B-00C04F79EFBC}") = "Tests", "Tests\Tests.csproj", "{5A86453B-96FB-4B6E-A283-225BB9F753D3}"
	ProjectSection(ProjectDependencies) = postProject
		{E46EF81A-044A-43EF-82BD-F583BC4C045A} = {E46EF81A-044A-43EF-82BD-F583BC4C045A}
		{48206525-D571-4768-B3CC-2437DC329128} = {48206525-D571-4768-B3CC-2437DC329128}
		{6845E029-B0E1-4EC7-B1F3-A99EEEB541CC} = {6845E029-B0E1-4EC7-B1F3-A99EEEB541CC}
		{7DEC4E2D-F872-434E-A267-0BAD65299950} = {7DEC4E2D-F872-434E-A267-0BAD65299950}
		{378DDF3E-44A4-48CF-BE34-F55792AE561C} = {378DDF3E-44A4-48CF-BE34-F55792AE561C}
		{8EB0C37D-B5D0-40D0-AD8B-23515155DC6A} = {8EB0C37D-B5D0-40D0-AD8B-23515155DC6A}
		{CD522993-41DF-4663-8585-7A8C98F6945E} = {CD522993-41DF-4663-8585-7A8C98F6945E}
	EndProjectSection
EndProject
Project("{FAE04EC0-301F-11D3-BF4B-00C04F79EFBC}") = "AssemblyToProcess", "AssemblyToProcess\AssemblyToProcess.csproj", "{7DEC4E2D-F872-434E-A267-0BAD65299950}"
	ProjectSection(ProjectDependencies) = postProject
		{6845E029-B0E1-4EC7-B1F3-A99EEEB541CC} = {6845E029-B0E1-4EC7-B1F3-A99EEEB541CC}
		{378DDF3E-44A4-48CF-BE34-F55792AE561C} = {378DDF3E-44A4-48CF-BE34-F55792AE561C}
	EndProjectSection
EndProject
Project("{FAE04EC0-301F-11D3-BF4B-00C04F79EFBC}") = "Template", "Template\Template.csproj", "{63B07D1B-DD7A-4753-A8E0-071B6D1C8284}"
EndProject
Project("{FAE04EC0-301F-11D3-BF4B-00C04F79EFBC}") = "AssemblyToReference", "AssemblyToReference\AssemblyToReference.csproj", "{CD522993-41DF-4663-8585-7A8C98F6945E}"
EndProject
Project("{FAE04EC0-301F-11D3-BF4B-00C04F79EFBC}") = "AssemblyToReferencePreEmbed", "AssemblyToReferencePreEmbed\AssemblyToReferencePreEmbed.csproj", "{E46EF81A-044A-43EF-82BD-F583BC4C045A}"
EndProject
Project("{FAE04EC0-301F-11D3-BF4B-00C04F79EFBC}") = "AssemblyWithLoadNonExistentAssembly", "AssemblyWithLoadNonExistentAssembly\AssemblyWithLoadNonExistentAssembly.csproj", "{48206525-D571-4768-B3CC-2437DC329128}"
EndProject
Project("{8BC9CEB8-8B4A-11D0-8D11-00A0C91BC942}") = "AssemblyToReferenceNative", "AssemblyToReferenceNative\AssemblyToReferenceNative.vcxproj", "{6845E029-B0E1-4EC7-B1F3-A99EEEB541CC}"
EndProject
Project("{8BC9CEB8-8B4A-11D0-8D11-00A0C91BC942}") = "AssemblyToReferenceMixed", "AssemblyToReferenceMixed\AssemblyToReferenceMixed.vcxproj", "{378DDF3E-44A4-48CF-BE34-F55792AE561C}"
EndProject
Project("{FAE04EC0-301F-11D3-BF4B-00C04F79EFBC}") = "Tests2", "Tests2\Tests2.csproj", "{92F2DB75-CDC8-4152-9FBF-61F701FB99D0}"
EndProject
Project("{FAE04EC0-301F-11D3-BF4B-00C04F79EFBC}") = "ExeToReference", "ExeToReference\ExeToReference.csproj", "{EBB72892-E287-42DF-BB25-464B1D269069}"
EndProject
Project("{FAE04EC0-301F-11D3-BF4B-00C04F79EFBC}") = "Tests3", "Tests3\Tests3.csproj", "{BC615C87-5E16-451D-A086-D185952650A1}"
EndProject
Project("{FAE04EC0-301F-11D3-BF4B-00C04F79EFBC}") = "AssemblyToProcessWithoutUnmanaged", "AssemblyToProcessWithoutUnmanaged\AssemblyToProcessWithoutUnmanaged.csproj", "{8EB0C37D-B5D0-40D0-AD8B-23515155DC6A}"
EndProject
Global
	GlobalSection(SolutionConfigurationPlatforms) = preSolution
		Debug|Any CPU = Debug|Any CPU
		Debug|Mixed Platforms = Debug|Mixed Platforms
		Release|Any CPU = Release|Any CPU
		Release|Mixed Platforms = Release|Mixed Platforms
	EndGlobalSection
	GlobalSection(ProjectConfigurationPlatforms) = postSolution
		{C3578A7B-09A6-4444-9383-0DEAFA4958BD}.Debug|Any CPU.ActiveCfg = Debug|Any CPU
		{C3578A7B-09A6-4444-9383-0DEAFA4958BD}.Debug|Any CPU.Build.0 = Debug|Any CPU
		{C3578A7B-09A6-4444-9383-0DEAFA4958BD}.Debug|Mixed Platforms.ActiveCfg = Debug|Any CPU
		{C3578A7B-09A6-4444-9383-0DEAFA4958BD}.Debug|Mixed Platforms.Build.0 = Debug|Any CPU
		{C3578A7B-09A6-4444-9383-0DEAFA4958BD}.Release|Any CPU.ActiveCfg = Release|Any CPU
		{C3578A7B-09A6-4444-9383-0DEAFA4958BD}.Release|Any CPU.Build.0 = Release|Any CPU
		{C3578A7B-09A6-4444-9383-0DEAFA4958BD}.Release|Mixed Platforms.ActiveCfg = Release|Any CPU
		{C3578A7B-09A6-4444-9383-0DEAFA4958BD}.Release|Mixed Platforms.Build.0 = Release|Any CPU
		{5A86453B-96FB-4B6E-A283-225BB9F753D3}.Debug|Any CPU.ActiveCfg = Debug|Any CPU
		{5A86453B-96FB-4B6E-A283-225BB9F753D3}.Debug|Any CPU.Build.0 = Debug|Any CPU
		{5A86453B-96FB-4B6E-A283-225BB9F753D3}.Debug|Mixed Platforms.ActiveCfg = Debug|Any CPU
		{5A86453B-96FB-4B6E-A283-225BB9F753D3}.Debug|Mixed Platforms.Build.0 = Debug|Any CPU
		{5A86453B-96FB-4B6E-A283-225BB9F753D3}.Release|Any CPU.ActiveCfg = Release|Any CPU
		{5A86453B-96FB-4B6E-A283-225BB9F753D3}.Release|Any CPU.Build.0 = Release|Any CPU
		{5A86453B-96FB-4B6E-A283-225BB9F753D3}.Release|Mixed Platforms.ActiveCfg = Release|Any CPU
		{5A86453B-96FB-4B6E-A283-225BB9F753D3}.Release|Mixed Platforms.Build.0 = Release|Any CPU
		{7DEC4E2D-F872-434E-A267-0BAD65299950}.Debug|Any CPU.ActiveCfg = Debug|Any CPU
		{7DEC4E2D-F872-434E-A267-0BAD65299950}.Debug|Any CPU.Build.0 = Debug|Any CPU
		{7DEC4E2D-F872-434E-A267-0BAD65299950}.Debug|Mixed Platforms.ActiveCfg = Debug|Any CPU
		{7DEC4E2D-F872-434E-A267-0BAD65299950}.Debug|Mixed Platforms.Build.0 = Debug|Any CPU
		{7DEC4E2D-F872-434E-A267-0BAD65299950}.Release|Any CPU.ActiveCfg = Release|Any CPU
		{7DEC4E2D-F872-434E-A267-0BAD65299950}.Release|Any CPU.Build.0 = Release|Any CPU
		{7DEC4E2D-F872-434E-A267-0BAD65299950}.Release|Mixed Platforms.ActiveCfg = Release|Any CPU
		{7DEC4E2D-F872-434E-A267-0BAD65299950}.Release|Mixed Platforms.Build.0 = Release|Any CPU
		{63B07D1B-DD7A-4753-A8E0-071B6D1C8284}.Debug|Any CPU.ActiveCfg = Debug|Any CPU
		{63B07D1B-DD7A-4753-A8E0-071B6D1C8284}.Debug|Any CPU.Build.0 = Debug|Any CPU
		{63B07D1B-DD7A-4753-A8E0-071B6D1C8284}.Debug|Mixed Platforms.ActiveCfg = Debug|Any CPU
		{63B07D1B-DD7A-4753-A8E0-071B6D1C8284}.Debug|Mixed Platforms.Build.0 = Debug|Any CPU
		{63B07D1B-DD7A-4753-A8E0-071B6D1C8284}.Release|Any CPU.ActiveCfg = Release|Any CPU
		{63B07D1B-DD7A-4753-A8E0-071B6D1C8284}.Release|Any CPU.Build.0 = Release|Any CPU
		{63B07D1B-DD7A-4753-A8E0-071B6D1C8284}.Release|Mixed Platforms.ActiveCfg = Release|Any CPU
		{63B07D1B-DD7A-4753-A8E0-071B6D1C8284}.Release|Mixed Platforms.Build.0 = Release|Any CPU
		{CD522993-41DF-4663-8585-7A8C98F6945E}.Debug|Any CPU.ActiveCfg = Debug|Any CPU
		{CD522993-41DF-4663-8585-7A8C98F6945E}.Debug|Any CPU.Build.0 = Debug|Any CPU
		{CD522993-41DF-4663-8585-7A8C98F6945E}.Debug|Mixed Platforms.ActiveCfg = Debug|Any CPU
		{CD522993-41DF-4663-8585-7A8C98F6945E}.Debug|Mixed Platforms.Build.0 = Debug|Any CPU
		{CD522993-41DF-4663-8585-7A8C98F6945E}.Release|Any CPU.ActiveCfg = Release|Any CPU
		{CD522993-41DF-4663-8585-7A8C98F6945E}.Release|Any CPU.Build.0 = Release|Any CPU
		{CD522993-41DF-4663-8585-7A8C98F6945E}.Release|Mixed Platforms.ActiveCfg = Release|Any CPU
		{CD522993-41DF-4663-8585-7A8C98F6945E}.Release|Mixed Platforms.Build.0 = Release|Any CPU
		{E46EF81A-044A-43EF-82BD-F583BC4C045A}.Debug|Any CPU.ActiveCfg = Debug|Any CPU
		{E46EF81A-044A-43EF-82BD-F583BC4C045A}.Debug|Any CPU.Build.0 = Debug|Any CPU
		{E46EF81A-044A-43EF-82BD-F583BC4C045A}.Debug|Mixed Platforms.ActiveCfg = Debug|Any CPU
		{E46EF81A-044A-43EF-82BD-F583BC4C045A}.Debug|Mixed Platforms.Build.0 = Debug|Any CPU
		{E46EF81A-044A-43EF-82BD-F583BC4C045A}.Release|Any CPU.ActiveCfg = Release|Any CPU
		{E46EF81A-044A-43EF-82BD-F583BC4C045A}.Release|Any CPU.Build.0 = Release|Any CPU
		{E46EF81A-044A-43EF-82BD-F583BC4C045A}.Release|Mixed Platforms.ActiveCfg = Release|Any CPU
		{E46EF81A-044A-43EF-82BD-F583BC4C045A}.Release|Mixed Platforms.Build.0 = Release|Any CPU
		{48206525-D571-4768-B3CC-2437DC329128}.Debug|Any CPU.ActiveCfg = Debug|Any CPU
		{48206525-D571-4768-B3CC-2437DC329128}.Debug|Any CPU.Build.0 = Debug|Any CPU
		{48206525-D571-4768-B3CC-2437DC329128}.Debug|Mixed Platforms.ActiveCfg = Debug|Any CPU
		{48206525-D571-4768-B3CC-2437DC329128}.Debug|Mixed Platforms.Build.0 = Debug|Any CPU
		{48206525-D571-4768-B3CC-2437DC329128}.Release|Any CPU.ActiveCfg = Release|Any CPU
		{48206525-D571-4768-B3CC-2437DC329128}.Release|Any CPU.Build.0 = Release|Any CPU
		{48206525-D571-4768-B3CC-2437DC329128}.Release|Mixed Platforms.ActiveCfg = Release|Any CPU
		{48206525-D571-4768-B3CC-2437DC329128}.Release|Mixed Platforms.Build.0 = Release|Any CPU
		{6845E029-B0E1-4EC7-B1F3-A99EEEB541CC}.Debug|Any CPU.ActiveCfg = Debug|Win32
		{6845E029-B0E1-4EC7-B1F3-A99EEEB541CC}.Debug|Mixed Platforms.ActiveCfg = Debug|Win32
		{6845E029-B0E1-4EC7-B1F3-A99EEEB541CC}.Debug|Mixed Platforms.Build.0 = Debug|Win32
		{6845E029-B0E1-4EC7-B1F3-A99EEEB541CC}.Release|Any CPU.ActiveCfg = Release|Win32
		{6845E029-B0E1-4EC7-B1F3-A99EEEB541CC}.Release|Mixed Platforms.ActiveCfg = Release|Win32
		{6845E029-B0E1-4EC7-B1F3-A99EEEB541CC}.Release|Mixed Platforms.Build.0 = Release|Win32
		{378DDF3E-44A4-48CF-BE34-F55792AE561C}.Debug|Any CPU.ActiveCfg = Debug|Win32
		{378DDF3E-44A4-48CF-BE34-F55792AE561C}.Debug|Mixed Platforms.ActiveCfg = Debug|Win32
		{378DDF3E-44A4-48CF-BE34-F55792AE561C}.Debug|Mixed Platforms.Build.0 = Debug|Win32
		{378DDF3E-44A4-48CF-BE34-F55792AE561C}.Release|Any CPU.ActiveCfg = Release|Win32
		{378DDF3E-44A4-48CF-BE34-F55792AE561C}.Release|Mixed Platforms.ActiveCfg = Release|Win32
		{378DDF3E-44A4-48CF-BE34-F55792AE561C}.Release|Mixed Platforms.Build.0 = Release|Win32
		{92F2DB75-CDC8-4152-9FBF-61F701FB99D0}.Debug|Any CPU.ActiveCfg = Debug|Any CPU
		{92F2DB75-CDC8-4152-9FBF-61F701FB99D0}.Debug|Any CPU.Build.0 = Debug|Any CPU
		{92F2DB75-CDC8-4152-9FBF-61F701FB99D0}.Debug|Mixed Platforms.ActiveCfg = Debug|Any CPU
		{92F2DB75-CDC8-4152-9FBF-61F701FB99D0}.Debug|Mixed Platforms.Build.0 = Debug|Any CPU
		{92F2DB75-CDC8-4152-9FBF-61F701FB99D0}.Release|Any CPU.ActiveCfg = Release|Any CPU
		{92F2DB75-CDC8-4152-9FBF-61F701FB99D0}.Release|Any CPU.Build.0 = Release|Any CPU
		{92F2DB75-CDC8-4152-9FBF-61F701FB99D0}.Release|Mixed Platforms.ActiveCfg = Release|Any CPU
		{92F2DB75-CDC8-4152-9FBF-61F701FB99D0}.Release|Mixed Platforms.Build.0 = Release|Any CPU
		{EBB72892-E287-42DF-BB25-464B1D269069}.Debug|Any CPU.ActiveCfg = Debug|Any CPU
		{EBB72892-E287-42DF-BB25-464B1D269069}.Debug|Any CPU.Build.0 = Debug|Any CPU
		{EBB72892-E287-42DF-BB25-464B1D269069}.Debug|Mixed Platforms.ActiveCfg = Debug|Any CPU
		{EBB72892-E287-42DF-BB25-464B1D269069}.Debug|Mixed Platforms.Build.0 = Debug|Any CPU
		{EBB72892-E287-42DF-BB25-464B1D269069}.Release|Any CPU.ActiveCfg = Release|Any CPU
		{EBB72892-E287-42DF-BB25-464B1D269069}.Release|Any CPU.Build.0 = Release|Any CPU
		{EBB72892-E287-42DF-BB25-464B1D269069}.Release|Mixed Platforms.ActiveCfg = Release|Any CPU
		{EBB72892-E287-42DF-BB25-464B1D269069}.Release|Mixed Platforms.Build.0 = Release|Any CPU
		{BC615C87-5E16-451D-A086-D185952650A1}.Debug|Any CPU.ActiveCfg = Debug|Any CPU
		{BC615C87-5E16-451D-A086-D185952650A1}.Debug|Any CPU.Build.0 = Debug|Any CPU
		{BC615C87-5E16-451D-A086-D185952650A1}.Debug|Mixed Platforms.ActiveCfg = Debug|Any CPU
		{BC615C87-5E16-451D-A086-D185952650A1}.Debug|Mixed Platforms.Build.0 = Debug|Any CPU
		{BC615C87-5E16-451D-A086-D185952650A1}.Release|Any CPU.ActiveCfg = Release|Any CPU
		{BC615C87-5E16-451D-A086-D185952650A1}.Release|Any CPU.Build.0 = Release|Any CPU
		{BC615C87-5E16-451D-A086-D185952650A1}.Release|Mixed Platforms.ActiveCfg = Release|Any CPU
		{BC615C87-5E16-451D-A086-D185952650A1}.Release|Mixed Platforms.Build.0 = Release|Any CPU
		{8EB0C37D-B5D0-40D0-AD8B-23515155DC6A}.Debug|Any CPU.ActiveCfg = Debug|Any CPU
		{8EB0C37D-B5D0-40D0-AD8B-23515155DC6A}.Debug|Any CPU.Build.0 = Debug|Any CPU
		{8EB0C37D-B5D0-40D0-AD8B-23515155DC6A}.Debug|Mixed Platforms.ActiveCfg = Debug|Any CPU
		{8EB0C37D-B5D0-40D0-AD8B-23515155DC6A}.Debug|Mixed Platforms.Build.0 = Debug|Any CPU
		{8EB0C37D-B5D0-40D0-AD8B-23515155DC6A}.Release|Any CPU.ActiveCfg = Release|Any CPU
		{8EB0C37D-B5D0-40D0-AD8B-23515155DC6A}.Release|Any CPU.Build.0 = Release|Any CPU
		{8EB0C37D-B5D0-40D0-AD8B-23515155DC6A}.Release|Mixed Platforms.ActiveCfg = Release|Any CPU
		{8EB0C37D-B5D0-40D0-AD8B-23515155DC6A}.Release|Mixed Platforms.Build.0 = Release|Any CPU
	EndGlobalSection
	GlobalSection(SolutionProperties) = preSolution
		HideSolutionNode = FALSE
	EndGlobalSection
EndGlobal
