
Microsoft Visual Studio Solution File, Format Version 12.00
# Visual Studio 15
VisualStudioVersion = 15.0.26430.6
MinimumVisualStudioVersion = 10.0.40219.1
Project("{FAE04EC0-301F-11D3-BF4B-00C04F79EFBC}") = "Costura", "Costura\Costura.csproj", "{E5622B74-B6C6-46A5-9207-0872533E6C2F}"
	ProjectSection(ProjectDependencies) = postProject
		{CD9AEBAA-78F4-4A78-BF06-0CB7D84D83E8} = {CD9AEBAA-78F4-4A78-BF06-0CB7D84D83E8}
	EndProjectSection
EndProject
Project("{2150E333-8FDC-42A3-9474-1A3956D46DE8}") = "TestAssemblies", "TestAssemblies", "{434F54AD-0845-4F63-ACB2-162105A1A741}"
EndProject
Project("{FAE04EC0-301F-11D3-BF4B-00C04F79EFBC}") = "AssemblyToReference", "AssemblyToReference\AssemblyToReference.csproj", "{161FFDEB-306D-4C68-9645-F4006A73F607}"
EndProject
Project("{FAE04EC0-301F-11D3-BF4B-00C04F79EFBC}") = "ExeToProcess", "ExeToProcess\ExeToProcess.csproj", "{DB274326-3DC9-4CCB-9C49-8AD4EE3E60B7}"
EndProject
Project("{FAE04EC0-301F-11D3-BF4B-00C04F79EFBC}") = "Costura.Tests", "Costura.Tests\Costura.Tests.csproj", "{F53DA537-AE82-48B7-A84B-5F2013BC272C}"
EndProject
Project("{FAE04EC0-301F-11D3-BF4B-00C04F79EFBC}") = "Costura.Template", "Costura.Template\Costura.Template.csproj", "{CD9AEBAA-78F4-4A78-BF06-0CB7D84D83E8}"
EndProject
Project("{FAE04EC0-301F-11D3-BF4B-00C04F79EFBC}") = "AssemblyToReferencePreEmbedded", "AssemblyToReferencePreEmbedded\AssemblyToReferencePreEmbedded.csproj", "{BDA26419-34AD-41E0-AF5F-980A0F1DABF5}"
EndProject
Project("{FAE04EC0-301F-11D3-BF4B-00C04F79EFBC}") = "ExeToReference", "ExeToReference\ExeToReference.csproj", "{800938B6-EED3-41CC-A775-E3EE588C2857}"
EndProject
Project("{8BC9CEB8-8B4A-11D0-8D11-00A0C91BC942}") = "AssemblyToReferenceMixed", "AssemblyToReferenceMixed\AssemblyToReferenceMixed.vcxproj", "{8D70BAC7-C4EF-456D-9E73-777A172BCA43}"
EndProject
Project("{FAE04EC0-301F-11D3-BF4B-00C04F79EFBC}") = "ExeToProcessWithNative", "ExeToProcessWithNative\ExeToProcessWithNative.csproj", "{CF6E186C-FDD0-4558-B41A-ACC088393C56}"
	ProjectSection(ProjectDependencies) = postProject
		{85EAF811-151B-4EDC-8625-445F33C62994} = {85EAF811-151B-4EDC-8625-445F33C62994}
	EndProjectSection
EndProject
Project("{8BC9CEB8-8B4A-11D0-8D11-00A0C91BC942}") = "AssemblyToReferenceNative", "AssemblyToReferenceNative\AssemblyToReferenceNative.vcxproj", "{85EAF811-151B-4EDC-8625-445F33C62994}"
EndProject
Project("{FAE04EC0-301F-11D3-BF4B-00C04F79EFBC}") = "BuildNuGetPackage", "BuildNuGetPackage\BuildNuGetPackage.csproj", "{92886441-9338-4A6C-ABD7-8D5BFA0B7B41}"
	ProjectSection(ProjectDependencies) = postProject
		{BAF33DA3-A6F7-476F-BEA5-CD2BA0BE96A5} = {BAF33DA3-A6F7-476F-BEA5-CD2BA0BE96A5}
		{6170BDB9-A44B-46AD-8E81-3BCEAB11813F} = {6170BDB9-A44B-46AD-8E81-3BCEAB11813F}
	EndProjectSection
EndProject
Project("{FAE04EC0-301F-11D3-BF4B-00C04F79EFBC}") = "AssemblyToProcess", "AssemblyToProcess\AssemblyToProcess.csproj", "{15402ECE-AA3B-4773-82F8-9481A316F339}"
EndProject
Project("{FAE04EC0-301F-11D3-BF4B-00C04F79EFBC}") = "ExeToProcess35", "ExeToProcess35\ExeToProcess35.csproj", "{439A0683-CB51-408F-8340-6B9A8085F208}"
EndProject
Project("{FAE04EC0-301F-11D3-BF4B-00C04F79EFBC}") = "AssemblyToReference35", "AssemblyToReference35\AssemblyToReference35.csproj", "{5EDEC76F-99EF-4649-86F2-60C8FB6B182F}"
EndProject
Project("{FAE04EC0-301F-11D3-BF4B-00C04F79EFBC}") = "Costura.Tasks", "Costura.Tasks\Costura.Tasks.csproj", "{D16DEC80-99D2-4EF3-9CEB-0FF7381CBB13}"
EndProject
Project("{D954291E-2A0B-460D-934E-DC6B0785DB48}") = "Costura.Shared", "Costura.Shared\Costura.Shared.shproj", "{547616E5-7248-43E6-B17A-68B99CAA8AF3}"
EndProject
Project("{D954291E-2A0B-460D-934E-DC6B0785DB48}") = "Costura.Lib.Shared", "Costura.Lib.Shared\Costura.Lib.Shared.shproj", "{A86F1158-BE85-44E1-BF97-774CEB710017}"
EndProject
Project("{FAE04EC0-301F-11D3-BF4B-00C04F79EFBC}") = "Costura.LibNetStandard", "Costura.LibNetStandard\Costura.LibNetStandard.csproj", "{6170BDB9-A44B-46AD-8E81-3BCEAB11813F}"
	ProjectSection(ProjectDependencies) = postProject
		{BAF33DA3-A6F7-476F-BEA5-CD2BA0BE96A5} = {BAF33DA3-A6F7-476F-BEA5-CD2BA0BE96A5}
	EndProjectSection
EndProject
Project("{FAE04EC0-301F-11D3-BF4B-00C04F79EFBC}") = "Costura.Lib", "Costura.Lib\Costura.Lib.csproj", "{BAF33DA3-A6F7-476F-BEA5-CD2BA0BE96A5}"
EndProject
Project("{2150E333-8FDC-42A3-9474-1A3956D46DE8}") = "Lib", "Lib", "{883C4D57-65B4-4D9C-8A31-7EF441A7CDDC}"
EndProject
Project("{FAE04EC0-301F-11D3-BF4B-00C04F79EFBC}") = "AssemblyWithoutInitialize", "AssemblyWithoutInitialize\AssemblyWithoutInitialize.csproj", "{A9543041-50D4-45C1-8F4B-23F805634D42}"
EndProject
Global
	GlobalSection(SharedMSBuildProjectFiles) = preSolution
		Costura.Shared\Costura.Shared.projitems*{547616e5-7248-43e6-b17a-68b99caa8af3}*SharedItemsImports = 13
		Costura.Lib.Shared\Costura.Lib.Shared.projitems*{a86f1158-be85-44e1-bf97-774ceb710017}*SharedItemsImports = 13
		Costura.Lib.Shared\Costura.Lib.Shared.projitems*{baf33da3-a6f7-476f-bea5-cd2ba0be96a5}*SharedItemsImports = 4
		Costura.Shared\Costura.Shared.projitems*{d16dec80-99d2-4ef3-9ceb-0ff7381cbb13}*SharedItemsImports = 4
		Costura.Shared\Costura.Shared.projitems*{e5622b74-b6c6-46a5-9207-0872533e6c2f}*SharedItemsImports = 4
	EndGlobalSection
	GlobalSection(SolutionConfigurationPlatforms) = preSolution
		Debug|Any CPU = Debug|Any CPU
		Debug|x64 = Debug|x64
		Debug|x86 = Debug|x86
		Release|Any CPU = Release|Any CPU
		Release|x64 = Release|x64
		Release|x86 = Release|x86
	EndGlobalSection
	GlobalSection(ProjectConfigurationPlatforms) = postSolution
		{E5622B74-B6C6-46A5-9207-0872533E6C2F}.Debug|Any CPU.ActiveCfg = Debug|Any CPU
		{E5622B74-B6C6-46A5-9207-0872533E6C2F}.Debug|Any CPU.Build.0 = Debug|Any CPU
		{E5622B74-B6C6-46A5-9207-0872533E6C2F}.Debug|x64.ActiveCfg = Debug|Any CPU
		{E5622B74-B6C6-46A5-9207-0872533E6C2F}.Debug|x64.Build.0 = Debug|Any CPU
		{E5622B74-B6C6-46A5-9207-0872533E6C2F}.Debug|x86.ActiveCfg = Debug|Any CPU
		{E5622B74-B6C6-46A5-9207-0872533E6C2F}.Debug|x86.Build.0 = Debug|Any CPU
		{E5622B74-B6C6-46A5-9207-0872533E6C2F}.Release|Any CPU.ActiveCfg = Release|Any CPU
		{E5622B74-B6C6-46A5-9207-0872533E6C2F}.Release|Any CPU.Build.0 = Release|Any CPU
		{E5622B74-B6C6-46A5-9207-0872533E6C2F}.Release|x64.ActiveCfg = Release|Any CPU
		{E5622B74-B6C6-46A5-9207-0872533E6C2F}.Release|x64.Build.0 = Release|Any CPU
		{E5622B74-B6C6-46A5-9207-0872533E6C2F}.Release|x86.ActiveCfg = Release|Any CPU
		{E5622B74-B6C6-46A5-9207-0872533E6C2F}.Release|x86.Build.0 = Release|Any CPU
		{161FFDEB-306D-4C68-9645-F4006A73F607}.Debug|Any CPU.ActiveCfg = Debug|Any CPU
		{161FFDEB-306D-4C68-9645-F4006A73F607}.Debug|Any CPU.Build.0 = Debug|Any CPU
		{161FFDEB-306D-4C68-9645-F4006A73F607}.Debug|x64.ActiveCfg = Debug|Any CPU
		{161FFDEB-306D-4C68-9645-F4006A73F607}.Debug|x64.Build.0 = Debug|Any CPU
		{161FFDEB-306D-4C68-9645-F4006A73F607}.Debug|x86.ActiveCfg = Debug|Any CPU
		{161FFDEB-306D-4C68-9645-F4006A73F607}.Debug|x86.Build.0 = Debug|Any CPU
		{161FFDEB-306D-4C68-9645-F4006A73F607}.Release|Any CPU.ActiveCfg = Release|Any CPU
		{161FFDEB-306D-4C68-9645-F4006A73F607}.Release|Any CPU.Build.0 = Release|Any CPU
		{161FFDEB-306D-4C68-9645-F4006A73F607}.Release|x64.ActiveCfg = Release|Any CPU
		{161FFDEB-306D-4C68-9645-F4006A73F607}.Release|x64.Build.0 = Release|Any CPU
		{161FFDEB-306D-4C68-9645-F4006A73F607}.Release|x86.ActiveCfg = Release|Any CPU
		{161FFDEB-306D-4C68-9645-F4006A73F607}.Release|x86.Build.0 = Release|Any CPU
		{DB274326-3DC9-4CCB-9C49-8AD4EE3E60B7}.Debug|Any CPU.ActiveCfg = Debug|Any CPU
		{DB274326-3DC9-4CCB-9C49-8AD4EE3E60B7}.Debug|Any CPU.Build.0 = Debug|Any CPU
		{DB274326-3DC9-4CCB-9C49-8AD4EE3E60B7}.Debug|x64.ActiveCfg = Debug|Any CPU
		{DB274326-3DC9-4CCB-9C49-8AD4EE3E60B7}.Debug|x64.Build.0 = Debug|Any CPU
		{DB274326-3DC9-4CCB-9C49-8AD4EE3E60B7}.Debug|x86.ActiveCfg = Debug|Any CPU
		{DB274326-3DC9-4CCB-9C49-8AD4EE3E60B7}.Debug|x86.Build.0 = Debug|Any CPU
		{DB274326-3DC9-4CCB-9C49-8AD4EE3E60B7}.Release|Any CPU.ActiveCfg = Release|Any CPU
		{DB274326-3DC9-4CCB-9C49-8AD4EE3E60B7}.Release|Any CPU.Build.0 = Release|Any CPU
		{DB274326-3DC9-4CCB-9C49-8AD4EE3E60B7}.Release|x64.ActiveCfg = Release|Any CPU
		{DB274326-3DC9-4CCB-9C49-8AD4EE3E60B7}.Release|x64.Build.0 = Release|Any CPU
		{DB274326-3DC9-4CCB-9C49-8AD4EE3E60B7}.Release|x86.ActiveCfg = Release|Any CPU
		{DB274326-3DC9-4CCB-9C49-8AD4EE3E60B7}.Release|x86.Build.0 = Release|Any CPU
		{F53DA537-AE82-48B7-A84B-5F2013BC272C}.Debug|Any CPU.ActiveCfg = Debug|Any CPU
		{F53DA537-AE82-48B7-A84B-5F2013BC272C}.Debug|Any CPU.Build.0 = Debug|Any CPU
		{F53DA537-AE82-48B7-A84B-5F2013BC272C}.Debug|x64.ActiveCfg = Debug|Any CPU
		{F53DA537-AE82-48B7-A84B-5F2013BC272C}.Debug|x64.Build.0 = Debug|Any CPU
		{F53DA537-AE82-48B7-A84B-5F2013BC272C}.Debug|x86.ActiveCfg = Debug|Any CPU
		{F53DA537-AE82-48B7-A84B-5F2013BC272C}.Debug|x86.Build.0 = Debug|Any CPU
		{F53DA537-AE82-48B7-A84B-5F2013BC272C}.Release|Any CPU.ActiveCfg = Release|Any CPU
		{F53DA537-AE82-48B7-A84B-5F2013BC272C}.Release|Any CPU.Build.0 = Release|Any CPU
		{F53DA537-AE82-48B7-A84B-5F2013BC272C}.Release|x64.ActiveCfg = Release|Any CPU
		{F53DA537-AE82-48B7-A84B-5F2013BC272C}.Release|x64.Build.0 = Release|Any CPU
		{F53DA537-AE82-48B7-A84B-5F2013BC272C}.Release|x86.ActiveCfg = Release|Any CPU
		{F53DA537-AE82-48B7-A84B-5F2013BC272C}.Release|x86.Build.0 = Release|Any CPU
		{CD9AEBAA-78F4-4A78-BF06-0CB7D84D83E8}.Debug|Any CPU.ActiveCfg = Debug|Any CPU
		{CD9AEBAA-78F4-4A78-BF06-0CB7D84D83E8}.Debug|Any CPU.Build.0 = Debug|Any CPU
		{CD9AEBAA-78F4-4A78-BF06-0CB7D84D83E8}.Debug|x64.ActiveCfg = Debug|Any CPU
		{CD9AEBAA-78F4-4A78-BF06-0CB7D84D83E8}.Debug|x64.Build.0 = Debug|Any CPU
		{CD9AEBAA-78F4-4A78-BF06-0CB7D84D83E8}.Debug|x86.ActiveCfg = Debug|Any CPU
		{CD9AEBAA-78F4-4A78-BF06-0CB7D84D83E8}.Debug|x86.Build.0 = Debug|Any CPU
		{CD9AEBAA-78F4-4A78-BF06-0CB7D84D83E8}.Release|Any CPU.ActiveCfg = Release|Any CPU
		{CD9AEBAA-78F4-4A78-BF06-0CB7D84D83E8}.Release|Any CPU.Build.0 = Release|Any CPU
		{CD9AEBAA-78F4-4A78-BF06-0CB7D84D83E8}.Release|x64.ActiveCfg = Release|Any CPU
		{CD9AEBAA-78F4-4A78-BF06-0CB7D84D83E8}.Release|x64.Build.0 = Release|Any CPU
		{CD9AEBAA-78F4-4A78-BF06-0CB7D84D83E8}.Release|x86.ActiveCfg = Release|Any CPU
		{CD9AEBAA-78F4-4A78-BF06-0CB7D84D83E8}.Release|x86.Build.0 = Release|Any CPU
		{BDA26419-34AD-41E0-AF5F-980A0F1DABF5}.Debug|Any CPU.ActiveCfg = Debug|Any CPU
		{BDA26419-34AD-41E0-AF5F-980A0F1DABF5}.Debug|Any CPU.Build.0 = Debug|Any CPU
		{BDA26419-34AD-41E0-AF5F-980A0F1DABF5}.Debug|x64.ActiveCfg = Debug|Any CPU
		{BDA26419-34AD-41E0-AF5F-980A0F1DABF5}.Debug|x64.Build.0 = Debug|Any CPU
		{BDA26419-34AD-41E0-AF5F-980A0F1DABF5}.Debug|x86.ActiveCfg = Debug|Any CPU
		{BDA26419-34AD-41E0-AF5F-980A0F1DABF5}.Debug|x86.Build.0 = Debug|Any CPU
		{BDA26419-34AD-41E0-AF5F-980A0F1DABF5}.Release|Any CPU.ActiveCfg = Release|Any CPU
		{BDA26419-34AD-41E0-AF5F-980A0F1DABF5}.Release|Any CPU.Build.0 = Release|Any CPU
		{BDA26419-34AD-41E0-AF5F-980A0F1DABF5}.Release|x64.ActiveCfg = Release|Any CPU
		{BDA26419-34AD-41E0-AF5F-980A0F1DABF5}.Release|x64.Build.0 = Release|Any CPU
		{BDA26419-34AD-41E0-AF5F-980A0F1DABF5}.Release|x86.ActiveCfg = Release|Any CPU
		{BDA26419-34AD-41E0-AF5F-980A0F1DABF5}.Release|x86.Build.0 = Release|Any CPU
		{800938B6-EED3-41CC-A775-E3EE588C2857}.Debug|Any CPU.ActiveCfg = Debug|Any CPU
		{800938B6-EED3-41CC-A775-E3EE588C2857}.Debug|Any CPU.Build.0 = Debug|Any CPU
		{800938B6-EED3-41CC-A775-E3EE588C2857}.Debug|x64.ActiveCfg = Debug|Any CPU
		{800938B6-EED3-41CC-A775-E3EE588C2857}.Debug|x64.Build.0 = Debug|Any CPU
		{800938B6-EED3-41CC-A775-E3EE588C2857}.Debug|x86.ActiveCfg = Debug|Any CPU
		{800938B6-EED3-41CC-A775-E3EE588C2857}.Debug|x86.Build.0 = Debug|Any CPU
		{800938B6-EED3-41CC-A775-E3EE588C2857}.Release|Any CPU.ActiveCfg = Release|Any CPU
		{800938B6-EED3-41CC-A775-E3EE588C2857}.Release|Any CPU.Build.0 = Release|Any CPU
		{800938B6-EED3-41CC-A775-E3EE588C2857}.Release|x64.ActiveCfg = Release|Any CPU
		{800938B6-EED3-41CC-A775-E3EE588C2857}.Release|x64.Build.0 = Release|Any CPU
		{800938B6-EED3-41CC-A775-E3EE588C2857}.Release|x86.ActiveCfg = Release|Any CPU
		{800938B6-EED3-41CC-A775-E3EE588C2857}.Release|x86.Build.0 = Release|Any CPU
		{8D70BAC7-C4EF-456D-9E73-777A172BCA43}.Debug|Any CPU.ActiveCfg = Debug|Win32
		{8D70BAC7-C4EF-456D-9E73-777A172BCA43}.Debug|Any CPU.Build.0 = Debug|Win32
		{8D70BAC7-C4EF-456D-9E73-777A172BCA43}.Debug|x64.ActiveCfg = Debug|x64
		{8D70BAC7-C4EF-456D-9E73-777A172BCA43}.Debug|x64.Build.0 = Debug|x64
		{8D70BAC7-C4EF-456D-9E73-777A172BCA43}.Debug|x86.ActiveCfg = Debug|Win32
		{8D70BAC7-C4EF-456D-9E73-777A172BCA43}.Debug|x86.Build.0 = Debug|Win32
		{8D70BAC7-C4EF-456D-9E73-777A172BCA43}.Release|Any CPU.ActiveCfg = Release|Win32
		{8D70BAC7-C4EF-456D-9E73-777A172BCA43}.Release|Any CPU.Build.0 = Release|Win32
		{8D70BAC7-C4EF-456D-9E73-777A172BCA43}.Release|x64.ActiveCfg = Release|x64
		{8D70BAC7-C4EF-456D-9E73-777A172BCA43}.Release|x64.Build.0 = Release|x64
		{8D70BAC7-C4EF-456D-9E73-777A172BCA43}.Release|x86.ActiveCfg = Release|Win32
		{8D70BAC7-C4EF-456D-9E73-777A172BCA43}.Release|x86.Build.0 = Release|Win32
		{CF6E186C-FDD0-4558-B41A-ACC088393C56}.Debug|Any CPU.ActiveCfg = Debug|x86
		{CF6E186C-FDD0-4558-B41A-ACC088393C56}.Debug|Any CPU.Build.0 = Debug|x86
		{CF6E186C-FDD0-4558-B41A-ACC088393C56}.Debug|x64.ActiveCfg = Debug|x64
		{CF6E186C-FDD0-4558-B41A-ACC088393C56}.Debug|x64.Build.0 = Debug|x64
		{CF6E186C-FDD0-4558-B41A-ACC088393C56}.Debug|x86.ActiveCfg = Debug|x86
		{CF6E186C-FDD0-4558-B41A-ACC088393C56}.Debug|x86.Build.0 = Debug|x86
		{CF6E186C-FDD0-4558-B41A-ACC088393C56}.Release|Any CPU.ActiveCfg = Release|x86
		{CF6E186C-FDD0-4558-B41A-ACC088393C56}.Release|Any CPU.Build.0 = Release|x86
		{CF6E186C-FDD0-4558-B41A-ACC088393C56}.Release|x64.ActiveCfg = Release|x64
		{CF6E186C-FDD0-4558-B41A-ACC088393C56}.Release|x64.Build.0 = Release|x64
		{CF6E186C-FDD0-4558-B41A-ACC088393C56}.Release|x86.ActiveCfg = Release|x86
		{CF6E186C-FDD0-4558-B41A-ACC088393C56}.Release|x86.Build.0 = Release|x86
		{85EAF811-151B-4EDC-8625-445F33C62994}.Debug|Any CPU.ActiveCfg = Debug|Win32
		{85EAF811-151B-4EDC-8625-445F33C62994}.Debug|Any CPU.Build.0 = Debug|Win32
		{85EAF811-151B-4EDC-8625-445F33C62994}.Debug|x64.ActiveCfg = Debug|x64
		{85EAF811-151B-4EDC-8625-445F33C62994}.Debug|x64.Build.0 = Debug|x64
		{85EAF811-151B-4EDC-8625-445F33C62994}.Debug|x86.ActiveCfg = Debug|Win32
		{85EAF811-151B-4EDC-8625-445F33C62994}.Debug|x86.Build.0 = Debug|Win32
		{85EAF811-151B-4EDC-8625-445F33C62994}.Release|Any CPU.ActiveCfg = Release|Win32
		{85EAF811-151B-4EDC-8625-445F33C62994}.Release|Any CPU.Build.0 = Release|Win32
		{85EAF811-151B-4EDC-8625-445F33C62994}.Release|x64.ActiveCfg = Release|x64
		{85EAF811-151B-4EDC-8625-445F33C62994}.Release|x64.Build.0 = Release|x64
		{85EAF811-151B-4EDC-8625-445F33C62994}.Release|x86.ActiveCfg = Release|Win32
		{85EAF811-151B-4EDC-8625-445F33C62994}.Release|x86.Build.0 = Release|Win32
		{92886441-9338-4A6C-ABD7-8D5BFA0B7B41}.Debug|Any CPU.ActiveCfg = Debug|Any CPU
		{92886441-9338-4A6C-ABD7-8D5BFA0B7B41}.Debug|Any CPU.Build.0 = Debug|Any CPU
		{92886441-9338-4A6C-ABD7-8D5BFA0B7B41}.Debug|x64.ActiveCfg = Debug|Any CPU
		{92886441-9338-4A6C-ABD7-8D5BFA0B7B41}.Debug|x64.Build.0 = Debug|Any CPU
		{92886441-9338-4A6C-ABD7-8D5BFA0B7B41}.Debug|x86.ActiveCfg = Debug|Any CPU
		{92886441-9338-4A6C-ABD7-8D5BFA0B7B41}.Debug|x86.Build.0 = Debug|Any CPU
		{92886441-9338-4A6C-ABD7-8D5BFA0B7B41}.Release|Any CPU.ActiveCfg = Release|Any CPU
		{92886441-9338-4A6C-ABD7-8D5BFA0B7B41}.Release|Any CPU.Build.0 = Release|Any CPU
		{92886441-9338-4A6C-ABD7-8D5BFA0B7B41}.Release|x64.ActiveCfg = Release|Any CPU
		{92886441-9338-4A6C-ABD7-8D5BFA0B7B41}.Release|x64.Build.0 = Release|Any CPU
		{92886441-9338-4A6C-ABD7-8D5BFA0B7B41}.Release|x86.ActiveCfg = Release|Any CPU
		{92886441-9338-4A6C-ABD7-8D5BFA0B7B41}.Release|x86.Build.0 = Release|Any CPU
		{15402ECE-AA3B-4773-82F8-9481A316F339}.Debug|Any CPU.ActiveCfg = Debug|Any CPU
		{15402ECE-AA3B-4773-82F8-9481A316F339}.Debug|Any CPU.Build.0 = Debug|Any CPU
		{15402ECE-AA3B-4773-82F8-9481A316F339}.Debug|x64.ActiveCfg = Debug|Any CPU
		{15402ECE-AA3B-4773-82F8-9481A316F339}.Debug|x64.Build.0 = Debug|Any CPU
		{15402ECE-AA3B-4773-82F8-9481A316F339}.Debug|x86.ActiveCfg = Debug|Any CPU
		{15402ECE-AA3B-4773-82F8-9481A316F339}.Debug|x86.Build.0 = Debug|Any CPU
		{15402ECE-AA3B-4773-82F8-9481A316F339}.Release|Any CPU.ActiveCfg = Release|Any CPU
		{15402ECE-AA3B-4773-82F8-9481A316F339}.Release|Any CPU.Build.0 = Release|Any CPU
		{15402ECE-AA3B-4773-82F8-9481A316F339}.Release|x64.ActiveCfg = Release|Any CPU
		{15402ECE-AA3B-4773-82F8-9481A316F339}.Release|x64.Build.0 = Release|Any CPU
		{15402ECE-AA3B-4773-82F8-9481A316F339}.Release|x86.ActiveCfg = Release|Any CPU
		{15402ECE-AA3B-4773-82F8-9481A316F339}.Release|x86.Build.0 = Release|Any CPU
		{439A0683-CB51-408F-8340-6B9A8085F208}.Debug|Any CPU.ActiveCfg = Debug|Any CPU
		{439A0683-CB51-408F-8340-6B9A8085F208}.Debug|Any CPU.Build.0 = Debug|Any CPU
		{439A0683-CB51-408F-8340-6B9A8085F208}.Debug|x64.ActiveCfg = Debug|Any CPU
		{439A0683-CB51-408F-8340-6B9A8085F208}.Debug|x64.Build.0 = Debug|Any CPU
		{439A0683-CB51-408F-8340-6B9A8085F208}.Debug|x86.ActiveCfg = Debug|Any CPU
		{439A0683-CB51-408F-8340-6B9A8085F208}.Debug|x86.Build.0 = Debug|Any CPU
		{439A0683-CB51-408F-8340-6B9A8085F208}.Release|Any CPU.ActiveCfg = Release|Any CPU
		{439A0683-CB51-408F-8340-6B9A8085F208}.Release|Any CPU.Build.0 = Release|Any CPU
		{439A0683-CB51-408F-8340-6B9A8085F208}.Release|x64.ActiveCfg = Release|Any CPU
		{439A0683-CB51-408F-8340-6B9A8085F208}.Release|x64.Build.0 = Release|Any CPU
		{439A0683-CB51-408F-8340-6B9A8085F208}.Release|x86.ActiveCfg = Release|Any CPU
		{439A0683-CB51-408F-8340-6B9A8085F208}.Release|x86.Build.0 = Release|Any CPU
		{5EDEC76F-99EF-4649-86F2-60C8FB6B182F}.Debug|Any CPU.ActiveCfg = Debug|Any CPU
		{5EDEC76F-99EF-4649-86F2-60C8FB6B182F}.Debug|Any CPU.Build.0 = Debug|Any CPU
		{5EDEC76F-99EF-4649-86F2-60C8FB6B182F}.Debug|x64.ActiveCfg = Debug|Any CPU
		{5EDEC76F-99EF-4649-86F2-60C8FB6B182F}.Debug|x64.Build.0 = Debug|Any CPU
		{5EDEC76F-99EF-4649-86F2-60C8FB6B182F}.Debug|x86.ActiveCfg = Debug|Any CPU
		{5EDEC76F-99EF-4649-86F2-60C8FB6B182F}.Debug|x86.Build.0 = Debug|Any CPU
		{5EDEC76F-99EF-4649-86F2-60C8FB6B182F}.Release|Any CPU.ActiveCfg = Release|Any CPU
		{5EDEC76F-99EF-4649-86F2-60C8FB6B182F}.Release|Any CPU.Build.0 = Release|Any CPU
		{5EDEC76F-99EF-4649-86F2-60C8FB6B182F}.Release|x64.ActiveCfg = Release|Any CPU
		{5EDEC76F-99EF-4649-86F2-60C8FB6B182F}.Release|x64.Build.0 = Release|Any CPU
		{5EDEC76F-99EF-4649-86F2-60C8FB6B182F}.Release|x86.ActiveCfg = Release|Any CPU
		{5EDEC76F-99EF-4649-86F2-60C8FB6B182F}.Release|x86.Build.0 = Release|Any CPU
		{D16DEC80-99D2-4EF3-9CEB-0FF7381CBB13}.Debug|Any CPU.ActiveCfg = Debug|Any CPU
		{D16DEC80-99D2-4EF3-9CEB-0FF7381CBB13}.Debug|Any CPU.Build.0 = Debug|Any CPU
		{D16DEC80-99D2-4EF3-9CEB-0FF7381CBB13}.Debug|x64.ActiveCfg = Debug|Any CPU
		{D16DEC80-99D2-4EF3-9CEB-0FF7381CBB13}.Debug|x64.Build.0 = Debug|Any CPU
		{D16DEC80-99D2-4EF3-9CEB-0FF7381CBB13}.Debug|x86.ActiveCfg = Debug|Any CPU
		{D16DEC80-99D2-4EF3-9CEB-0FF7381CBB13}.Debug|x86.Build.0 = Debug|Any CPU
		{D16DEC80-99D2-4EF3-9CEB-0FF7381CBB13}.Release|Any CPU.ActiveCfg = Release|Any CPU
		{D16DEC80-99D2-4EF3-9CEB-0FF7381CBB13}.Release|Any CPU.Build.0 = Release|Any CPU
		{D16DEC80-99D2-4EF3-9CEB-0FF7381CBB13}.Release|x64.ActiveCfg = Release|Any CPU
		{D16DEC80-99D2-4EF3-9CEB-0FF7381CBB13}.Release|x64.Build.0 = Release|Any CPU
		{D16DEC80-99D2-4EF3-9CEB-0FF7381CBB13}.Release|x86.ActiveCfg = Release|Any CPU
		{D16DEC80-99D2-4EF3-9CEB-0FF7381CBB13}.Release|x86.Build.0 = Release|Any CPU
		{6170BDB9-A44B-46AD-8E81-3BCEAB11813F}.Debug|Any CPU.ActiveCfg = Debug|Any CPU
		{6170BDB9-A44B-46AD-8E81-3BCEAB11813F}.Debug|Any CPU.Build.0 = Debug|Any CPU
		{6170BDB9-A44B-46AD-8E81-3BCEAB11813F}.Debug|x64.ActiveCfg = Debug|Any CPU
		{6170BDB9-A44B-46AD-8E81-3BCEAB11813F}.Debug|x64.Build.0 = Debug|Any CPU
		{6170BDB9-A44B-46AD-8E81-3BCEAB11813F}.Debug|x86.ActiveCfg = Debug|Any CPU
		{6170BDB9-A44B-46AD-8E81-3BCEAB11813F}.Debug|x86.Build.0 = Debug|Any CPU
		{6170BDB9-A44B-46AD-8E81-3BCEAB11813F}.Release|Any CPU.ActiveCfg = Release|Any CPU
		{6170BDB9-A44B-46AD-8E81-3BCEAB11813F}.Release|Any CPU.Build.0 = Release|Any CPU
		{6170BDB9-A44B-46AD-8E81-3BCEAB11813F}.Release|x64.ActiveCfg = Release|Any CPU
		{6170BDB9-A44B-46AD-8E81-3BCEAB11813F}.Release|x64.Build.0 = Release|Any CPU
		{6170BDB9-A44B-46AD-8E81-3BCEAB11813F}.Release|x86.ActiveCfg = Release|Any CPU
		{6170BDB9-A44B-46AD-8E81-3BCEAB11813F}.Release|x86.Build.0 = Release|Any CPU
		{BAF33DA3-A6F7-476F-BEA5-CD2BA0BE96A5}.Debug|Any CPU.ActiveCfg = Debug|Any CPU
		{BAF33DA3-A6F7-476F-BEA5-CD2BA0BE96A5}.Debug|Any CPU.Build.0 = Debug|Any CPU
		{BAF33DA3-A6F7-476F-BEA5-CD2BA0BE96A5}.Debug|x64.ActiveCfg = Debug|Any CPU
		{BAF33DA3-A6F7-476F-BEA5-CD2BA0BE96A5}.Debug|x64.Build.0 = Debug|Any CPU
		{BAF33DA3-A6F7-476F-BEA5-CD2BA0BE96A5}.Debug|x86.ActiveCfg = Debug|Any CPU
		{BAF33DA3-A6F7-476F-BEA5-CD2BA0BE96A5}.Debug|x86.Build.0 = Debug|Any CPU
		{BAF33DA3-A6F7-476F-BEA5-CD2BA0BE96A5}.Release|Any CPU.ActiveCfg = Release|Any CPU
		{BAF33DA3-A6F7-476F-BEA5-CD2BA0BE96A5}.Release|Any CPU.Build.0 = Release|Any CPU
		{BAF33DA3-A6F7-476F-BEA5-CD2BA0BE96A5}.Release|x64.ActiveCfg = Release|Any CPU
		{BAF33DA3-A6F7-476F-BEA5-CD2BA0BE96A5}.Release|x64.Build.0 = Release|Any CPU
		{BAF33DA3-A6F7-476F-BEA5-CD2BA0BE96A5}.Release|x86.ActiveCfg = Release|Any CPU
		{BAF33DA3-A6F7-476F-BEA5-CD2BA0BE96A5}.Release|x86.Build.0 = Release|Any CPU
		{A9543041-50D4-45C1-8F4B-23F805634D42}.Debug|Any CPU.ActiveCfg = Debug|Any CPU
		{A9543041-50D4-45C1-8F4B-23F805634D42}.Debug|Any CPU.Build.0 = Debug|Any CPU
		{A9543041-50D4-45C1-8F4B-23F805634D42}.Debug|x64.ActiveCfg = Debug|Any CPU
		{A9543041-50D4-45C1-8F4B-23F805634D42}.Debug|x64.Build.0 = Debug|Any CPU
		{A9543041-50D4-45C1-8F4B-23F805634D42}.Debug|x86.ActiveCfg = Debug|Any CPU
		{A9543041-50D4-45C1-8F4B-23F805634D42}.Debug|x86.Build.0 = Debug|Any CPU
		{A9543041-50D4-45C1-8F4B-23F805634D42}.Release|Any CPU.ActiveCfg = Release|Any CPU
		{A9543041-50D4-45C1-8F4B-23F805634D42}.Release|Any CPU.Build.0 = Release|Any CPU
		{A9543041-50D4-45C1-8F4B-23F805634D42}.Release|x64.ActiveCfg = Release|Any CPU
		{A9543041-50D4-45C1-8F4B-23F805634D42}.Release|x64.Build.0 = Release|Any CPU
		{A9543041-50D4-45C1-8F4B-23F805634D42}.Release|x86.ActiveCfg = Release|Any CPU
		{A9543041-50D4-45C1-8F4B-23F805634D42}.Release|x86.Build.0 = Release|Any CPU
	EndGlobalSection
	GlobalSection(SolutionProperties) = preSolution
		HideSolutionNode = FALSE
	EndGlobalSection
	GlobalSection(NestedProjects) = preSolution
		{161FFDEB-306D-4C68-9645-F4006A73F607} = {434F54AD-0845-4F63-ACB2-162105A1A741}
		{DB274326-3DC9-4CCB-9C49-8AD4EE3E60B7} = {434F54AD-0845-4F63-ACB2-162105A1A741}
		{BDA26419-34AD-41E0-AF5F-980A0F1DABF5} = {434F54AD-0845-4F63-ACB2-162105A1A741}
		{800938B6-EED3-41CC-A775-E3EE588C2857} = {434F54AD-0845-4F63-ACB2-162105A1A741}
		{8D70BAC7-C4EF-456D-9E73-777A172BCA43} = {434F54AD-0845-4F63-ACB2-162105A1A741}
		{CF6E186C-FDD0-4558-B41A-ACC088393C56} = {434F54AD-0845-4F63-ACB2-162105A1A741}
		{85EAF811-151B-4EDC-8625-445F33C62994} = {434F54AD-0845-4F63-ACB2-162105A1A741}
		{15402ECE-AA3B-4773-82F8-9481A316F339} = {434F54AD-0845-4F63-ACB2-162105A1A741}
		{439A0683-CB51-408F-8340-6B9A8085F208} = {434F54AD-0845-4F63-ACB2-162105A1A741}
		{5EDEC76F-99EF-4649-86F2-60C8FB6B182F} = {434F54AD-0845-4F63-ACB2-162105A1A741}
		{A86F1158-BE85-44E1-BF97-774CEB710017} = {883C4D57-65B4-4D9C-8A31-7EF441A7CDDC}
		{6170BDB9-A44B-46AD-8E81-3BCEAB11813F} = {883C4D57-65B4-4D9C-8A31-7EF441A7CDDC}
		{BAF33DA3-A6F7-476F-BEA5-CD2BA0BE96A5} = {883C4D57-65B4-4D9C-8A31-7EF441A7CDDC}
		{A9543041-50D4-45C1-8F4B-23F805634D42} = {434F54AD-0845-4F63-ACB2-162105A1A741}
	EndGlobalSection
EndGlobal
