
Microsoft Visual Studio Solution File, Format Version 12.00
# Visual Studio Version 17
VisualStudioVersion = 17.0.31815.197
MinimumVisualStudioVersion = 16.0.29201.188
Project("{9A19103F-16F7-4668-BE54-9A1E7A4F7556}") = "Costura.Template", "Costura.Template\Costura.Template.csproj", "{CD9AEBAA-78F4-4A78-BF06-0CB7D84D83E8}"
EndProject
Project("{9A19103F-16F7-4668-BE54-9A1E7A4F7556}") = "Costura.Fody", "Costura.Fody\Costura.Fody.csproj", "{E5622B74-B6C6-46A5-9207-0872533E6C2F}"
	ProjectSection(ProjectDependencies) = postProject
		{CD9AEBAA-78F4-4A78-BF06-0CB7D84D83E8} = {CD9AEBAA-78F4-4A78-BF06-0CB7D84D83E8}
	EndProjectSection
EndProject
Project("{2150E333-8FDC-42A3-9474-1A3956D46DE8}") = "Tests", "Tests", "{434F54AD-0845-4F63-ACB2-162105A1A741}"
EndProject
Project("{9A19103F-16F7-4668-BE54-9A1E7A4F7556}") = "AssemblyToReference", "AssemblyToReference\AssemblyToReference.csproj", "{161FFDEB-306D-4C68-9645-F4006A73F607}"
EndProject
Project("{9A19103F-16F7-4668-BE54-9A1E7A4F7556}") = "ExeToProcess", "ExeToProcess\ExeToProcess.csproj", "{DB274326-3DC9-4CCB-9C49-8AD4EE3E60B7}"
EndProject
Project("{9A19103F-16F7-4668-BE54-9A1E7A4F7556}") = "AssemblyToReferencePreEmbedded", "AssemblyToReferencePreEmbedded\AssemblyToReferencePreEmbedded.csproj", "{BDA26419-34AD-41E0-AF5F-980A0F1DABF5}"
EndProject
Project("{9A19103F-16F7-4668-BE54-9A1E7A4F7556}") = "ExeToReference", "ExeToReference\ExeToReference.csproj", "{800938B6-EED3-41CC-A775-E3EE588C2857}"
EndProject
Project("{8BC9CEB8-8B4A-11D0-8D11-00A0C91BC942}") = "AssemblyToReferenceMixed", "AssemblyToReferenceMixed\AssemblyToReferenceMixed.vcxproj", "{8D70BAC7-C4EF-456D-9E73-777A172BCA43}"
EndProject
Project("{9A19103F-16F7-4668-BE54-9A1E7A4F7556}") = "ExeToProcessWithNative", "ExeToProcessWithNative\ExeToProcessWithNative.csproj", "{CF6E186C-FDD0-4558-B41A-ACC088393C56}"
EndProject
Project("{8BC9CEB8-8B4A-11D0-8D11-00A0C91BC942}") = "AssemblyToReferenceNative", "AssemblyToReferenceNative\AssemblyToReferenceNative.vcxproj", "{85EAF811-151B-4EDC-8625-445F33C62994}"
EndProject
Project("{9A19103F-16F7-4668-BE54-9A1E7A4F7556}") = "AssemblyToProcess", "AssemblyToProcess\AssemblyToProcess.csproj", "{15402ECE-AA3B-4773-82F8-9481A316F339}"
EndProject
Project("{9A19103F-16F7-4668-BE54-9A1E7A4F7556}") = "AssemblyWithoutInitialize", "AssemblyWithoutInitialize\AssemblyWithoutInitialize.csproj", "{A9543041-50D4-45C1-8F4B-23F805634D42}"
EndProject
Project("{2150E333-8FDC-42A3-9474-1A3956D46DE8}") = "misc", "misc", "{BD2A89FD-65C5-4DC9-B50F-049CA337FF20}"
	ProjectSection(SolutionItems) = preProject
		..\.editorconfig = ..\.editorconfig
		.vsconfig = .vsconfig
		Costura.Fody.sln.DotSettings = Costura.Fody.sln.DotSettings
		Directory.build.analyzers.props = Directory.build.analyzers.props
		Directory.build.project.props = Directory.build.project.props
		Directory.Build.props = Directory.Build.props
		Directory.build.shared.explicit.props = Directory.build.shared.explicit.props
		Directory.build.shared.implicit.props = Directory.build.shared.implicit.props
		Directory.build.shared.mat.props = Directory.build.shared.mat.props
		Directory.build.targets = Directory.build.targets
		global.json = global.json
		MethodTimeLogger.cs = MethodTimeLogger.cs
		nuget.config = nuget.config
		Settings.StyleCop = Settings.StyleCop
		SolutionAssemblyInfo.cs = SolutionAssemblyInfo.cs
	EndProjectSection
EndProject
Project("{2150E333-8FDC-42A3-9474-1A3956D46DE8}") = "src", "src", "{BB891774-A36E-4207-BB34-916540A77D46}"
EndProject
Project("{2150E333-8FDC-42A3-9474-1A3956D46DE8}") = "Core", "Core", "{B7B46C59-9452-424E-ABFE-1350A00D0FD4}"
EndProject
Project("{2150E333-8FDC-42A3-9474-1A3956D46DE8}") = "TestAssemblies", "TestAssemblies", "{93B6F5A2-F07C-4DB0-B65F-02F69B9DC6B2}"
EndProject
Project("{9A19103F-16F7-4668-BE54-9A1E7A4F7556}") = "Costura.Fody.Tests", "Costura.Fody.Tests\Costura.Fody.Tests.csproj", "{CC1756D9-09B0-4988-BDF0-A6236D0170B8}"
EndProject
Project("{9A19103F-16F7-4668-BE54-9A1E7A4F7556}") = "Costura.Fody.IntegrationTests", "Costura.Fody.IntegrationTests\Costura.Fody.IntegrationTests.csproj", "{381A7887-0792-494B-9819-3BCB099367D9}"
	ProjectSection(ProjectDependencies) = postProject
		{E5622B74-B6C6-46A5-9207-0872533E6C2F} = {E5622B74-B6C6-46A5-9207-0872533E6C2F}
	EndProjectSection
EndProject
Project("{9A19103F-16F7-4668-BE54-9A1E7A4F7556}") = "Costura", "Costura\Costura.csproj", "{2B508691-68E6-4AE6-8F8D-1B78F7E65F80}"
EndProject
Project("{9A19103F-16F7-4668-BE54-9A1E7A4F7556}") = "ExeToProcessWithNativeAndEmbeddedMixed", "ExeToProcessWithNativeAndEmbeddedMixed\ExeToProcessWithNativeAndEmbeddedMixed.csproj", "{1BACB257-5B8A-45D4-BC49-51985E076BD2}"
EndProject
Project("{9A19103F-16F7-4668-BE54-9A1E7A4F7556}") = "AssemblyToReferenceWithRuntimeReferences", "AssemblyToReferenceWithRuntimeReferences\AssemblyToReferenceWithRuntimeReferences.csproj", "{3C8562E5-DAEE-410D-A492-1EAC53ED4290}"
EndProject
Project("{9A19103F-16F7-4668-BE54-9A1E7A4F7556}") = "ExeToProcessWithMultipleNative", "ExeToProcessWithMultipleNative\ExeToProcessWithMultipleNative.csproj", "{24395ED7-04CF-45E4-AB58-D6AA4F340335}"
EndProject
Global
	GlobalSection(SolutionConfigurationPlatforms) = preSolution
		Debug|Any CPU = Debug|Any CPU
		Debug|x64 = Debug|x64
		Debug|x86 = Debug|x86
		Release|Any CPU = Release|Any CPU
		Release|x64 = Release|x64
		Release|x86 = Release|x86
	EndGlobalSection
	GlobalSection(ProjectConfigurationPlatforms) = postSolution
		{CD9AEBAA-78F4-4A78-BF06-0CB7D84D83E8}.Debug|Any CPU.ActiveCfg = Debug|Any CPU
		{CD9AEBAA-78F4-4A78-BF06-0CB7D84D83E8}.Debug|Any CPU.Build.0 = Debug|Any CPU
		{CD9AEBAA-78F4-4A78-BF06-0CB7D84D83E8}.Debug|x64.ActiveCfg = Debug|Any CPU
		{CD9AEBAA-78F4-4A78-BF06-0CB7D84D83E8}.Debug|x64.Build.0 = Debug|Any CPU
		{CD9AEBAA-78F4-4A78-BF06-0CB7D84D83E8}.Debug|x86.ActiveCfg = Debug|Any CPU
		{CD9AEBAA-78F4-4A78-BF06-0CB7D84D83E8}.Debug|x86.Build.0 = Debug|Any CPU
		{CD9AEBAA-78F4-4A78-BF06-0CB7D84D83E8}.Release|Any CPU.ActiveCfg = Release|Any CPU
		{CD9AEBAA-78F4-4A78-BF06-0CB7D84D83E8}.Release|Any CPU.Build.0 = Release|Any CPU
		{CD9AEBAA-78F4-4A78-BF06-0CB7D84D83E8}.Release|x64.ActiveCfg = Release|Any CPU
		{CD9AEBAA-78F4-4A78-BF06-0CB7D84D83E8}.Release|x64.Build.0 = Release|Any CPU
		{CD9AEBAA-78F4-4A78-BF06-0CB7D84D83E8}.Release|x86.ActiveCfg = Release|Any CPU
		{CD9AEBAA-78F4-4A78-BF06-0CB7D84D83E8}.Release|x86.Build.0 = Release|Any CPU
		{E5622B74-B6C6-46A5-9207-0872533E6C2F}.Debug|Any CPU.ActiveCfg = Debug|Any CPU
		{E5622B74-B6C6-46A5-9207-0872533E6C2F}.Debug|Any CPU.Build.0 = Debug|Any CPU
		{E5622B74-B6C6-46A5-9207-0872533E6C2F}.Debug|x64.ActiveCfg = Debug|Any CPU
		{E5622B74-B6C6-46A5-9207-0872533E6C2F}.Debug|x64.Build.0 = Debug|Any CPU
		{E5622B74-B6C6-46A5-9207-0872533E6C2F}.Debug|x86.ActiveCfg = Debug|Any CPU
		{E5622B74-B6C6-46A5-9207-0872533E6C2F}.Debug|x86.Build.0 = Debug|Any CPU
		{E5622B74-B6C6-46A5-9207-0872533E6C2F}.Release|Any CPU.ActiveCfg = Release|Any CPU
		{E5622B74-B6C6-46A5-9207-0872533E6C2F}.Release|Any CPU.Build.0 = Release|Any CPU
		{E5622B74-B6C6-46A5-9207-0872533E6C2F}.Release|x64.ActiveCfg = Release|Any CPU
		{E5622B74-B6C6-46A5-9207-0872533E6C2F}.Release|x64.Build.0 = Release|Any CPU
		{E5622B74-B6C6-46A5-9207-0872533E6C2F}.Release|x86.ActiveCfg = Release|Any CPU
		{E5622B74-B6C6-46A5-9207-0872533E6C2F}.Release|x86.Build.0 = Release|Any CPU
		{161FFDEB-306D-4C68-9645-F4006A73F607}.Debug|Any CPU.ActiveCfg = Debug|Any CPU
		{161FFDEB-306D-4C68-9645-F4006A73F607}.Debug|Any CPU.Build.0 = Debug|Any CPU
		{161FFDEB-306D-4C68-9645-F4006A73F607}.Debug|x64.ActiveCfg = Debug|Any CPU
		{161FFDEB-306D-4C68-9645-F4006A73F607}.Debug|x64.Build.0 = Debug|Any CPU
		{161FFDEB-306D-4C68-9645-F4006A73F607}.Debug|x86.ActiveCfg = Debug|Any CPU
		{161FFDEB-306D-4C68-9645-F4006A73F607}.Debug|x86.Build.0 = Debug|Any CPU
		{161FFDEB-306D-4C68-9645-F4006A73F607}.Release|Any CPU.ActiveCfg = Release|Any CPU
		{161FFDEB-306D-4C68-9645-F4006A73F607}.Release|Any CPU.Build.0 = Release|Any CPU
		{161FFDEB-306D-4C68-9645-F4006A73F607}.Release|x64.ActiveCfg = Release|Any CPU
		{161FFDEB-306D-4C68-9645-F4006A73F607}.Release|x64.Build.0 = Release|Any CPU
		{161FFDEB-306D-4C68-9645-F4006A73F607}.Release|x86.ActiveCfg = Release|Any CPU
		{161FFDEB-306D-4C68-9645-F4006A73F607}.Release|x86.Build.0 = Release|Any CPU
		{DB274326-3DC9-4CCB-9C49-8AD4EE3E60B7}.Debug|Any CPU.ActiveCfg = Debug|Any CPU
		{DB274326-3DC9-4CCB-9C49-8AD4EE3E60B7}.Debug|Any CPU.Build.0 = Debug|Any CPU
		{DB274326-3DC9-4CCB-9C49-8AD4EE3E60B7}.Debug|x64.ActiveCfg = Debug|Any CPU
		{DB274326-3DC9-4CCB-9C49-8AD4EE3E60B7}.Debug|x64.Build.0 = Debug|Any CPU
		{DB274326-3DC9-4CCB-9C49-8AD4EE3E60B7}.Debug|x86.ActiveCfg = Debug|Any CPU
		{DB274326-3DC9-4CCB-9C49-8AD4EE3E60B7}.Debug|x86.Build.0 = Debug|Any CPU
		{DB274326-3DC9-4CCB-9C49-8AD4EE3E60B7}.Release|Any CPU.ActiveCfg = Release|Any CPU
		{DB274326-3DC9-4CCB-9C49-8AD4EE3E60B7}.Release|Any CPU.Build.0 = Release|Any CPU
		{DB274326-3DC9-4CCB-9C49-8AD4EE3E60B7}.Release|x64.ActiveCfg = Release|Any CPU
		{DB274326-3DC9-4CCB-9C49-8AD4EE3E60B7}.Release|x64.Build.0 = Release|Any CPU
		{DB274326-3DC9-4CCB-9C49-8AD4EE3E60B7}.Release|x86.ActiveCfg = Release|Any CPU
		{DB274326-3DC9-4CCB-9C49-8AD4EE3E60B7}.Release|x86.Build.0 = Release|Any CPU
		{BDA26419-34AD-41E0-AF5F-980A0F1DABF5}.Debug|Any CPU.ActiveCfg = Debug|Any CPU
		{BDA26419-34AD-41E0-AF5F-980A0F1DABF5}.Debug|Any CPU.Build.0 = Debug|Any CPU
		{BDA26419-34AD-41E0-AF5F-980A0F1DABF5}.Debug|x64.ActiveCfg = Debug|Any CPU
		{BDA26419-34AD-41E0-AF5F-980A0F1DABF5}.Debug|x64.Build.0 = Debug|Any CPU
		{BDA26419-34AD-41E0-AF5F-980A0F1DABF5}.Debug|x86.ActiveCfg = Debug|Any CPU
		{BDA26419-34AD-41E0-AF5F-980A0F1DABF5}.Debug|x86.Build.0 = Debug|Any CPU
		{BDA26419-34AD-41E0-AF5F-980A0F1DABF5}.Release|Any CPU.ActiveCfg = Release|Any CPU
		{BDA26419-34AD-41E0-AF5F-980A0F1DABF5}.Release|Any CPU.Build.0 = Release|Any CPU
		{BDA26419-34AD-41E0-AF5F-980A0F1DABF5}.Release|x64.ActiveCfg = Release|Any CPU
		{BDA26419-34AD-41E0-AF5F-980A0F1DABF5}.Release|x64.Build.0 = Release|Any CPU
		{BDA26419-34AD-41E0-AF5F-980A0F1DABF5}.Release|x86.ActiveCfg = Release|Any CPU
		{BDA26419-34AD-41E0-AF5F-980A0F1DABF5}.Release|x86.Build.0 = Release|Any CPU
		{800938B6-EED3-41CC-A775-E3EE588C2857}.Debug|Any CPU.ActiveCfg = Debug|Any CPU
		{800938B6-EED3-41CC-A775-E3EE588C2857}.Debug|Any CPU.Build.0 = Debug|Any CPU
		{800938B6-EED3-41CC-A775-E3EE588C2857}.Debug|x64.ActiveCfg = Debug|Any CPU
		{800938B6-EED3-41CC-A775-E3EE588C2857}.Debug|x64.Build.0 = Debug|Any CPU
		{800938B6-EED3-41CC-A775-E3EE588C2857}.Debug|x86.ActiveCfg = Debug|Any CPU
		{800938B6-EED3-41CC-A775-E3EE588C2857}.Debug|x86.Build.0 = Debug|Any CPU
		{800938B6-EED3-41CC-A775-E3EE588C2857}.Release|Any CPU.ActiveCfg = Release|Any CPU
		{800938B6-EED3-41CC-A775-E3EE588C2857}.Release|Any CPU.Build.0 = Release|Any CPU
		{800938B6-EED3-41CC-A775-E3EE588C2857}.Release|x64.ActiveCfg = Release|Any CPU
		{800938B6-EED3-41CC-A775-E3EE588C2857}.Release|x64.Build.0 = Release|Any CPU
		{800938B6-EED3-41CC-A775-E3EE588C2857}.Release|x86.ActiveCfg = Release|Any CPU
		{800938B6-EED3-41CC-A775-E3EE588C2857}.Release|x86.Build.0 = Release|Any CPU
		{8D70BAC7-C4EF-456D-9E73-777A172BCA43}.Debug|Any CPU.ActiveCfg = Debug|Win32
		{8D70BAC7-C4EF-456D-9E73-777A172BCA43}.Debug|Any CPU.Build.0 = Debug|Win32
		{8D70BAC7-C4EF-456D-9E73-777A172BCA43}.Debug|x64.ActiveCfg = Debug|x64
		{8D70BAC7-C4EF-456D-9E73-777A172BCA43}.Debug|x64.Build.0 = Debug|x64
		{8D70BAC7-C4EF-456D-9E73-777A172BCA43}.Debug|x86.ActiveCfg = Debug|Win32
		{8D70BAC7-C4EF-456D-9E73-777A172BCA43}.Debug|x86.Build.0 = Debug|Win32
		{8D70BAC7-C4EF-456D-9E73-777A172BCA43}.Release|Any CPU.ActiveCfg = Release|Win32
		{8D70BAC7-C4EF-456D-9E73-777A172BCA43}.Release|Any CPU.Build.0 = Release|Win32
		{8D70BAC7-C4EF-456D-9E73-777A172BCA43}.Release|x64.ActiveCfg = Release|x64
		{8D70BAC7-C4EF-456D-9E73-777A172BCA43}.Release|x64.Build.0 = Release|x64
		{8D70BAC7-C4EF-456D-9E73-777A172BCA43}.Release|x86.ActiveCfg = Release|Win32
		{8D70BAC7-C4EF-456D-9E73-777A172BCA43}.Release|x86.Build.0 = Release|Win32
		{CF6E186C-FDD0-4558-B41A-ACC088393C56}.Debug|Any CPU.ActiveCfg = Debug|Any CPU
		{CF6E186C-FDD0-4558-B41A-ACC088393C56}.Debug|Any CPU.Build.0 = Debug|Any CPU
		{CF6E186C-FDD0-4558-B41A-ACC088393C56}.Debug|x64.ActiveCfg = Debug|Any CPU
		{CF6E186C-FDD0-4558-B41A-ACC088393C56}.Debug|x64.Build.0 = Debug|Any CPU
		{CF6E186C-FDD0-4558-B41A-ACC088393C56}.Debug|x86.ActiveCfg = Debug|Any CPU
		{CF6E186C-FDD0-4558-B41A-ACC088393C56}.Debug|x86.Build.0 = Debug|Any CPU
		{CF6E186C-FDD0-4558-B41A-ACC088393C56}.Release|Any CPU.ActiveCfg = Release|Any CPU
		{CF6E186C-FDD0-4558-B41A-ACC088393C56}.Release|Any CPU.Build.0 = Release|Any CPU
		{CF6E186C-FDD0-4558-B41A-ACC088393C56}.Release|x64.ActiveCfg = Release|Any CPU
		{CF6E186C-FDD0-4558-B41A-ACC088393C56}.Release|x64.Build.0 = Release|Any CPU
		{CF6E186C-FDD0-4558-B41A-ACC088393C56}.Release|x86.ActiveCfg = Release|Any CPU
		{CF6E186C-FDD0-4558-B41A-ACC088393C56}.Release|x86.Build.0 = Release|Any CPU
		{85EAF811-151B-4EDC-8625-445F33C62994}.Debug|Any CPU.ActiveCfg = Debug|Win32
		{85EAF811-151B-4EDC-8625-445F33C62994}.Debug|Any CPU.Build.0 = Debug|Win32
		{85EAF811-151B-4EDC-8625-445F33C62994}.Debug|x64.ActiveCfg = Debug|x64
		{85EAF811-151B-4EDC-8625-445F33C62994}.Debug|x64.Build.0 = Debug|x64
		{85EAF811-151B-4EDC-8625-445F33C62994}.Debug|x86.ActiveCfg = Debug|Win32
		{85EAF811-151B-4EDC-8625-445F33C62994}.Debug|x86.Build.0 = Debug|Win32
		{85EAF811-151B-4EDC-8625-445F33C62994}.Release|Any CPU.ActiveCfg = Release|Win32
		{85EAF811-151B-4EDC-8625-445F33C62994}.Release|Any CPU.Build.0 = Release|Win32
		{85EAF811-151B-4EDC-8625-445F33C62994}.Release|x64.ActiveCfg = Release|x64
		{85EAF811-151B-4EDC-8625-445F33C62994}.Release|x64.Build.0 = Release|x64
		{85EAF811-151B-4EDC-8625-445F33C62994}.Release|x86.ActiveCfg = Release|Win32
		{85EAF811-151B-4EDC-8625-445F33C62994}.Release|x86.Build.0 = Release|Win32
		{15402ECE-AA3B-4773-82F8-9481A316F339}.Debug|Any CPU.ActiveCfg = Debug|Any CPU
		{15402ECE-AA3B-4773-82F8-9481A316F339}.Debug|Any CPU.Build.0 = Debug|Any CPU
		{15402ECE-AA3B-4773-82F8-9481A316F339}.Debug|x64.ActiveCfg = Debug|Any CPU
		{15402ECE-AA3B-4773-82F8-9481A316F339}.Debug|x64.Build.0 = Debug|Any CPU
		{15402ECE-AA3B-4773-82F8-9481A316F339}.Debug|x86.ActiveCfg = Debug|Any CPU
		{15402ECE-AA3B-4773-82F8-9481A316F339}.Debug|x86.Build.0 = Debug|Any CPU
		{15402ECE-AA3B-4773-82F8-9481A316F339}.Release|Any CPU.ActiveCfg = Release|Any CPU
		{15402ECE-AA3B-4773-82F8-9481A316F339}.Release|Any CPU.Build.0 = Release|Any CPU
		{15402ECE-AA3B-4773-82F8-9481A316F339}.Release|x64.ActiveCfg = Release|Any CPU
		{15402ECE-AA3B-4773-82F8-9481A316F339}.Release|x64.Build.0 = Release|Any CPU
		{15402ECE-AA3B-4773-82F8-9481A316F339}.Release|x86.ActiveCfg = Release|Any CPU
		{15402ECE-AA3B-4773-82F8-9481A316F339}.Release|x86.Build.0 = Release|Any CPU
		{A9543041-50D4-45C1-8F4B-23F805634D42}.Debug|Any CPU.ActiveCfg = Debug|Any CPU
		{A9543041-50D4-45C1-8F4B-23F805634D42}.Debug|Any CPU.Build.0 = Debug|Any CPU
		{A9543041-50D4-45C1-8F4B-23F805634D42}.Debug|x64.ActiveCfg = Debug|Any CPU
		{A9543041-50D4-45C1-8F4B-23F805634D42}.Debug|x64.Build.0 = Debug|Any CPU
		{A9543041-50D4-45C1-8F4B-23F805634D42}.Debug|x86.ActiveCfg = Debug|Any CPU
		{A9543041-50D4-45C1-8F4B-23F805634D42}.Debug|x86.Build.0 = Debug|Any CPU
		{A9543041-50D4-45C1-8F4B-23F805634D42}.Release|Any CPU.ActiveCfg = Release|Any CPU
		{A9543041-50D4-45C1-8F4B-23F805634D42}.Release|Any CPU.Build.0 = Release|Any CPU
		{A9543041-50D4-45C1-8F4B-23F805634D42}.Release|x64.ActiveCfg = Release|Any CPU
		{A9543041-50D4-45C1-8F4B-23F805634D42}.Release|x64.Build.0 = Release|Any CPU
		{A9543041-50D4-45C1-8F4B-23F805634D42}.Release|x86.ActiveCfg = Release|Any CPU
		{A9543041-50D4-45C1-8F4B-23F805634D42}.Release|x86.Build.0 = Release|Any CPU
		{CC1756D9-09B0-4988-BDF0-A6236D0170B8}.Debug|Any CPU.ActiveCfg = Debug|Any CPU
		{CC1756D9-09B0-4988-BDF0-A6236D0170B8}.Debug|Any CPU.Build.0 = Debug|Any CPU
		{CC1756D9-09B0-4988-BDF0-A6236D0170B8}.Debug|x64.ActiveCfg = Debug|Any CPU
		{CC1756D9-09B0-4988-BDF0-A6236D0170B8}.Debug|x64.Build.0 = Debug|Any CPU
		{CC1756D9-09B0-4988-BDF0-A6236D0170B8}.Debug|x86.ActiveCfg = Debug|Any CPU
		{CC1756D9-09B0-4988-BDF0-A6236D0170B8}.Debug|x86.Build.0 = Debug|Any CPU
		{CC1756D9-09B0-4988-BDF0-A6236D0170B8}.Release|Any CPU.ActiveCfg = Release|Any CPU
		{CC1756D9-09B0-4988-BDF0-A6236D0170B8}.Release|Any CPU.Build.0 = Release|Any CPU
		{CC1756D9-09B0-4988-BDF0-A6236D0170B8}.Release|x64.ActiveCfg = Release|Any CPU
		{CC1756D9-09B0-4988-BDF0-A6236D0170B8}.Release|x64.Build.0 = Release|Any CPU
		{CC1756D9-09B0-4988-BDF0-A6236D0170B8}.Release|x86.ActiveCfg = Release|Any CPU
		{CC1756D9-09B0-4988-BDF0-A6236D0170B8}.Release|x86.Build.0 = Release|Any CPU
		{381A7887-0792-494B-9819-3BCB099367D9}.Debug|Any CPU.ActiveCfg = Debug|Any CPU
		{381A7887-0792-494B-9819-3BCB099367D9}.Debug|Any CPU.Build.0 = Debug|Any CPU
		{381A7887-0792-494B-9819-3BCB099367D9}.Debug|x64.ActiveCfg = Debug|Any CPU
		{381A7887-0792-494B-9819-3BCB099367D9}.Debug|x64.Build.0 = Debug|Any CPU
		{381A7887-0792-494B-9819-3BCB099367D9}.Debug|x86.ActiveCfg = Debug|Any CPU
		{381A7887-0792-494B-9819-3BCB099367D9}.Debug|x86.Build.0 = Debug|Any CPU
		{381A7887-0792-494B-9819-3BCB099367D9}.Release|Any CPU.ActiveCfg = Release|Any CPU
		{381A7887-0792-494B-9819-3BCB099367D9}.Release|Any CPU.Build.0 = Release|Any CPU
		{381A7887-0792-494B-9819-3BCB099367D9}.Release|x64.ActiveCfg = Release|Any CPU
		{381A7887-0792-494B-9819-3BCB099367D9}.Release|x64.Build.0 = Release|Any CPU
		{381A7887-0792-494B-9819-3BCB099367D9}.Release|x86.ActiveCfg = Release|Any CPU
		{381A7887-0792-494B-9819-3BCB099367D9}.Release|x86.Build.0 = Release|Any CPU
		{2B508691-68E6-4AE6-8F8D-1B78F7E65F80}.Debug|Any CPU.ActiveCfg = Debug|Any CPU
		{2B508691-68E6-4AE6-8F8D-1B78F7E65F80}.Debug|Any CPU.Build.0 = Debug|Any CPU
		{2B508691-68E6-4AE6-8F8D-1B78F7E65F80}.Debug|x64.ActiveCfg = Debug|Any CPU
		{2B508691-68E6-4AE6-8F8D-1B78F7E65F80}.Debug|x64.Build.0 = Debug|Any CPU
		{2B508691-68E6-4AE6-8F8D-1B78F7E65F80}.Debug|x86.ActiveCfg = Debug|Any CPU
		{2B508691-68E6-4AE6-8F8D-1B78F7E65F80}.Debug|x86.Build.0 = Debug|Any CPU
		{2B508691-68E6-4AE6-8F8D-1B78F7E65F80}.Release|Any CPU.ActiveCfg = Release|Any CPU
		{2B508691-68E6-4AE6-8F8D-1B78F7E65F80}.Release|Any CPU.Build.0 = Release|Any CPU
		{2B508691-68E6-4AE6-8F8D-1B78F7E65F80}.Release|x64.ActiveCfg = Release|Any CPU
		{2B508691-68E6-4AE6-8F8D-1B78F7E65F80}.Release|x64.Build.0 = Release|Any CPU
		{2B508691-68E6-4AE6-8F8D-1B78F7E65F80}.Release|x86.ActiveCfg = Release|Any CPU
		{2B508691-68E6-4AE6-8F8D-1B78F7E65F80}.Release|x86.Build.0 = Release|Any CPU
		{1BACB257-5B8A-45D4-BC49-51985E076BD2}.Debug|Any CPU.ActiveCfg = Debug|Any CPU
		{1BACB257-5B8A-45D4-BC49-51985E076BD2}.Debug|Any CPU.Build.0 = Debug|Any CPU
		{1BACB257-5B8A-45D4-BC49-51985E076BD2}.Debug|x64.ActiveCfg = Debug|Any CPU
		{1BACB257-5B8A-45D4-BC49-51985E076BD2}.Debug|x64.Build.0 = Debug|Any CPU
		{1BACB257-5B8A-45D4-BC49-51985E076BD2}.Debug|x86.ActiveCfg = Debug|Any CPU
		{1BACB257-5B8A-45D4-BC49-51985E076BD2}.Debug|x86.Build.0 = Debug|Any CPU
		{1BACB257-5B8A-45D4-BC49-51985E076BD2}.Release|Any CPU.ActiveCfg = Release|Any CPU
		{1BACB257-5B8A-45D4-BC49-51985E076BD2}.Release|Any CPU.Build.0 = Release|Any CPU
		{1BACB257-5B8A-45D4-BC49-51985E076BD2}.Release|x64.ActiveCfg = Release|Any CPU
		{1BACB257-5B8A-45D4-BC49-51985E076BD2}.Release|x64.Build.0 = Release|Any CPU
		{1BACB257-5B8A-45D4-BC49-51985E076BD2}.Release|x86.ActiveCfg = Release|Any CPU
		{1BACB257-5B8A-45D4-BC49-51985E076BD2}.Release|x86.Build.0 = Release|Any CPU
		{3C8562E5-DAEE-410D-A492-1EAC53ED4290}.Debug|Any CPU.ActiveCfg = Debug|Any CPU
		{3C8562E5-DAEE-410D-A492-1EAC53ED4290}.Debug|Any CPU.Build.0 = Debug|Any CPU
		{3C8562E5-DAEE-410D-A492-1EAC53ED4290}.Debug|x64.ActiveCfg = Debug|Any CPU
		{3C8562E5-DAEE-410D-A492-1EAC53ED4290}.Debug|x64.Build.0 = Debug|Any CPU
		{3C8562E5-DAEE-410D-A492-1EAC53ED4290}.Debug|x86.ActiveCfg = Debug|Any CPU
		{3C8562E5-DAEE-410D-A492-1EAC53ED4290}.Debug|x86.Build.0 = Debug|Any CPU
		{3C8562E5-DAEE-410D-A492-1EAC53ED4290}.Release|Any CPU.ActiveCfg = Release|Any CPU
		{3C8562E5-DAEE-410D-A492-1EAC53ED4290}.Release|Any CPU.Build.0 = Release|Any CPU
		{3C8562E5-DAEE-410D-A492-1EAC53ED4290}.Release|x64.ActiveCfg = Release|Any CPU
		{3C8562E5-DAEE-410D-A492-1EAC53ED4290}.Release|x64.Build.0 = Release|Any CPU
		{3C8562E5-DAEE-410D-A492-1EAC53ED4290}.Release|x86.ActiveCfg = Release|Any CPU
		{3C8562E5-DAEE-410D-A492-1EAC53ED4290}.Release|x86.Build.0 = Release|Any CPU
		{24395ED7-04CF-45E4-AB58-D6AA4F340335}.Debug|Any CPU.ActiveCfg = Debug|Any CPU
		{24395ED7-04CF-45E4-AB58-D6AA4F340335}.Debug|Any CPU.Build.0 = Debug|Any CPU
		{24395ED7-04CF-45E4-AB58-D6AA4F340335}.Debug|x64.ActiveCfg = Debug|Any CPU
		{24395ED7-04CF-45E4-AB58-D6AA4F340335}.Debug|x64.Build.0 = Debug|Any CPU
		{24395ED7-04CF-45E4-AB58-D6AA4F340335}.Debug|x86.ActiveCfg = Debug|Any CPU
		{24395ED7-04CF-45E4-AB58-D6AA4F340335}.Debug|x86.Build.0 = Debug|Any CPU
		{24395ED7-04CF-45E4-AB58-D6AA4F340335}.Release|Any CPU.ActiveCfg = Release|Any CPU
		{24395ED7-04CF-45E4-AB58-D6AA4F340335}.Release|Any CPU.Build.0 = Release|Any CPU
		{24395ED7-04CF-45E4-AB58-D6AA4F340335}.Release|x64.ActiveCfg = Release|Any CPU
		{24395ED7-04CF-45E4-AB58-D6AA4F340335}.Release|x64.Build.0 = Release|Any CPU
		{24395ED7-04CF-45E4-AB58-D6AA4F340335}.Release|x86.ActiveCfg = Release|Any CPU
		{24395ED7-04CF-45E4-AB58-D6AA4F340335}.Release|x86.Build.0 = Release|Any CPU
	EndGlobalSection
	GlobalSection(SolutionProperties) = preSolution
		HideSolutionNode = FALSE
	EndGlobalSection
	GlobalSection(NestedProjects) = preSolution
		{CD9AEBAA-78F4-4A78-BF06-0CB7D84D83E8} = {B7B46C59-9452-424E-ABFE-1350A00D0FD4}
		{E5622B74-B6C6-46A5-9207-0872533E6C2F} = {B7B46C59-9452-424E-ABFE-1350A00D0FD4}
		{434F54AD-0845-4F63-ACB2-162105A1A741} = {BB891774-A36E-4207-BB34-916540A77D46}
		{161FFDEB-306D-4C68-9645-F4006A73F607} = {93B6F5A2-F07C-4DB0-B65F-02F69B9DC6B2}
		{DB274326-3DC9-4CCB-9C49-8AD4EE3E60B7} = {93B6F5A2-F07C-4DB0-B65F-02F69B9DC6B2}
		{BDA26419-34AD-41E0-AF5F-980A0F1DABF5} = {93B6F5A2-F07C-4DB0-B65F-02F69B9DC6B2}
		{800938B6-EED3-41CC-A775-E3EE588C2857} = {93B6F5A2-F07C-4DB0-B65F-02F69B9DC6B2}
		{8D70BAC7-C4EF-456D-9E73-777A172BCA43} = {93B6F5A2-F07C-4DB0-B65F-02F69B9DC6B2}
		{CF6E186C-FDD0-4558-B41A-ACC088393C56} = {93B6F5A2-F07C-4DB0-B65F-02F69B9DC6B2}
		{85EAF811-151B-4EDC-8625-445F33C62994} = {93B6F5A2-F07C-4DB0-B65F-02F69B9DC6B2}
		{15402ECE-AA3B-4773-82F8-9481A316F339} = {93B6F5A2-F07C-4DB0-B65F-02F69B9DC6B2}
		{A9543041-50D4-45C1-8F4B-23F805634D42} = {93B6F5A2-F07C-4DB0-B65F-02F69B9DC6B2}
		{B7B46C59-9452-424E-ABFE-1350A00D0FD4} = {BB891774-A36E-4207-BB34-916540A77D46}
		{93B6F5A2-F07C-4DB0-B65F-02F69B9DC6B2} = {434F54AD-0845-4F63-ACB2-162105A1A741}
		{CC1756D9-09B0-4988-BDF0-A6236D0170B8} = {434F54AD-0845-4F63-ACB2-162105A1A741}
		{381A7887-0792-494B-9819-3BCB099367D9} = {434F54AD-0845-4F63-ACB2-162105A1A741}
		{2B508691-68E6-4AE6-8F8D-1B78F7E65F80} = {B7B46C59-9452-424E-ABFE-1350A00D0FD4}
		{1BACB257-5B8A-45D4-BC49-51985E076BD2} = {93B6F5A2-F07C-4DB0-B65F-02F69B9DC6B2}
		{3C8562E5-DAEE-410D-A492-1EAC53ED4290} = {93B6F5A2-F07C-4DB0-B65F-02F69B9DC6B2}
		{24395ED7-04CF-45E4-AB58-D6AA4F340335} = {93B6F5A2-F07C-4DB0-B65F-02F69B9DC6B2}
	EndGlobalSection
	GlobalSection(ExtensibilityGlobals) = postSolution
		SolutionGuid = {2231BA74-85F3-48B2-9340-B98CDF1C5031}
	EndGlobalSection
EndGlobal
