
Microsoft Visual Studio Solution File, Format Version 12.00
# Visual Studio 14
VisualStudioVersion = 14.0.23107.0
MinimumVisualStudioVersion = 10.0.40219.1
Project("{FAE04EC0-301F-11D3-BF4B-00C04F79EFBC}") = "Costura", "Costura\Costura.csproj", "{E5622B74-B6C6-46A5-9207-0872533E6C2F}"
	ProjectSection(ProjectDependencies) = postProject
		{CD9AEBAA-78F4-4A78-BF06-0CB7D84D83E8} = {CD9AEBAA-78F4-4A78-BF06-0CB7D84D83E8}
	EndProjectSection
EndProject
Project("{2150E333-8FDC-42A3-9474-1A3956D46DE8}") = "TestAssemblies", "TestAssemblies", "{434F54AD-0845-4F63-ACB2-162105A1A741}"
EndProject
Project("{FAE04EC0-301F-11D3-BF4B-00C04F79EFBC}") = "AssemblyToReference", "AssemblyToReference\AssemblyToReference.csproj", "{161FFDEB-306D-4C68-9645-F4006A73F607}"
EndProject
Project("{FAE04EC0-301F-11D3-BF4B-00C04F79EFBC}") = "ExeToProcess", "ExeToProcess\ExeToProcess.csproj", "{DB274326-3DC9-4CCB-9C49-8AD4EE3E60B7}"
EndProject
Project("{FAE04EC0-301F-11D3-BF4B-00C04F79EFBC}") = "Costura.Tests", "Costura.Tests\Costura.Tests.csproj", "{F53DA537-AE82-48B7-A84B-5F2013BC272C}"
EndProject
Project("{FAE04EC0-301F-11D3-BF4B-00C04F79EFBC}") = "Costura.Template", "Costura.Template\Costura.Template.csproj", "{CD9AEBAA-78F4-4A78-BF06-0CB7D84D83E8}"
EndProject
Project("{FAE04EC0-301F-11D3-BF4B-00C04F79EFBC}") = "AssemblyToReferencePreEmbedded", "AssemblyToReferencePreEmbedded\AssemblyToReferencePreEmbedded.csproj", "{BDA26419-34AD-41E0-AF5F-980A0F1DABF5}"
EndProject
Project("{FAE04EC0-301F-11D3-BF4B-00C04F79EFBC}") = "ExeToReference", "ExeToReference\ExeToReference.csproj", "{800938B6-EED3-41CC-A775-E3EE588C2857}"
EndProject
Project("{8BC9CEB8-8B4A-11D0-8D11-00A0C91BC942}") = "AssemblyToReferenceMixed", "AssemblyToReferenceMixed\AssemblyToReferenceMixed.vcxproj", "{8D70BAC7-C4EF-456D-9E73-777A172BCA43}"
EndProject
Project("{FAE04EC0-301F-11D3-BF4B-00C04F79EFBC}") = "ExeToProcessWithNative", "ExeToProcessWithNative\ExeToProcessWithNative.csproj", "{CF6E186C-FDD0-4558-B41A-ACC088393C56}"
	ProjectSection(ProjectDependencies) = postProject
		{85EAF811-151B-4EDC-8625-445F33C62994} = {85EAF811-151B-4EDC-8625-445F33C62994}
	EndProjectSection
EndProject
Project("{8BC9CEB8-8B4A-11D0-8D11-00A0C91BC942}") = "AssemblyToReferenceNative", "AssemblyToReferenceNative\AssemblyToReferenceNative.vcxproj", "{85EAF811-151B-4EDC-8625-445F33C62994}"
EndProject
Project("{FAE04EC0-301F-11D3-BF4B-00C04F79EFBC}") = "BuildNuGetPackage", "BuildNuGetPackage\BuildNuGetPackage.csproj", "{92886441-9338-4A6C-ABD7-8D5BFA0B7B41}"
EndProject
Project("{FAE04EC0-301F-11D3-BF4B-00C04F79EFBC}") = "AssemblyToProcess", "AssemblyToProcess\AssemblyToProcess.csproj", "{15402ECE-AA3B-4773-82F8-9481A316F339}"
EndProject
Global
	GlobalSection(SolutionConfigurationPlatforms) = preSolution
		Debug|Any CPU = Debug|Any CPU
		Debug|x64 = Debug|x64
		Debug|x86 = Debug|x86
		Release|Any CPU = Release|Any CPU
		Release|x64 = Release|x64
		Release|x86 = Release|x86
	EndGlobalSection
	GlobalSection(ProjectConfigurationPlatforms) = postSolution
		{E5622B74-B6C6-46A5-9207-0872533E6C2F}.Debug|Any CPU.ActiveCfg = Debug|Any CPU
		{E5622B74-B6C6-46A5-9207-0872533E6C2F}.Debug|Any CPU.Build.0 = Debug|Any CPU
		{E5622B74-B6C6-46A5-9207-0872533E6C2F}.Debug|x64.ActiveCfg = Debug|Any CPU
		{E5622B74-B6C6-46A5-9207-0872533E6C2F}.Debug|x64.Build.0 = Debug|Any CPU
		{E5622B74-B6C6-46A5-9207-0872533E6C2F}.Debug|x86.ActiveCfg = Debug|Any CPU
		{E5622B74-B6C6-46A5-9207-0872533E6C2F}.Debug|x86.Build.0 = Debug|Any CPU
		{E5622B74-B6C6-46A5-9207-0872533E6C2F}.Release|Any CPU.ActiveCfg = Release|Any CPU
		{E5622B74-B6C6-46A5-9207-0872533E6C2F}.Release|Any CPU.Build.0 = Release|Any CPU
		{E5622B74-B6C6-46A5-9207-0872533E6C2F}.Release|x64.ActiveCfg = Release|Any CPU
		{E5622B74-B6C6-46A5-9207-0872533E6C2F}.Release|x64.Build.0 = Release|Any CPU
		{E5622B74-B6C6-46A5-9207-0872533E6C2F}.Release|x86.ActiveCfg = Release|Any CPU
		{E5622B74-B6C6-46A5-9207-0872533E6C2F}.Release|x86.Build.0 = Release|Any CPU
		{161FFDEB-306D-4C68-9645-F4006A73F607}.Debug|Any CPU.ActiveCfg = Debug|Any CPU
		{161FFDEB-306D-4C68-9645-F4006A73F607}.Debug|Any CPU.Build.0 = Debug|Any CPU
		{161FFDEB-306D-4C68-9645-F4006A73F607}.Debug|x64.ActiveCfg = Debug|Any CPU
		{161FFDEB-306D-4C68-9645-F4006A73F607}.Debug|x64.Build.0 = Debug|Any CPU
		{161FFDEB-306D-4C68-9645-F4006A73F607}.Debug|x86.ActiveCfg = Debug|Any CPU
		{161FFDEB-306D-4C68-9645-F4006A73F607}.Debug|x86.Build.0 = Debug|Any CPU
		{161FFDEB-306D-4C68-9645-F4006A73F607}.Release|Any CPU.ActiveCfg = Release|Any CPU
		{161FFDEB-306D-4C68-9645-F4006A73F607}.Release|Any CPU.Build.0 = Release|Any CPU
		{161FFDEB-306D-4C68-9645-F4006A73F607}.Release|x64.ActiveCfg = Release|Any CPU
		{161FFDEB-306D-4C68-9645-F4006A73F607}.Release|x64.Build.0 = Release|Any CPU
		{161FFDEB-306D-4C68-9645-F4006A73F607}.Release|x86.ActiveCfg = Release|Any CPU
		{161FFDEB-306D-4C68-9645-F4006A73F607}.Release|x86.Build.0 = Release|Any CPU
		{DB274326-3DC9-4CCB-9C49-8AD4EE3E60B7}.Debug|Any CPU.ActiveCfg = Debug|Any CPU
		{DB274326-3DC9-4CCB-9C49-8AD4EE3E60B7}.Debug|Any CPU.Build.0 = Debug|Any CPU
		{DB274326-3DC9-4CCB-9C49-8AD4EE3E60B7}.Debug|x64.ActiveCfg = Debug|Any CPU
		{DB274326-3DC9-4CCB-9C49-8AD4EE3E60B7}.Debug|x64.Build.0 = Debug|Any CPU
		{DB274326-3DC9-4CCB-9C49-8AD4EE3E60B7}.Debug|x86.ActiveCfg = Debug|Any CPU
		{DB274326-3DC9-4CCB-9C49-8AD4EE3E60B7}.Debug|x86.Build.0 = Debug|Any CPU
		{DB274326-3DC9-4CCB-9C49-8AD4EE3E60B7}.Release|Any CPU.ActiveCfg = Release|Any CPU
		{DB274326-3DC9-4CCB-9C49-8AD4EE3E60B7}.Release|Any CPU.Build.0 = Release|Any CPU
		{DB274326-3DC9-4CCB-9C49-8AD4EE3E60B7}.Release|x64.ActiveCfg = Release|Any CPU
		{DB274326-3DC9-4CCB-9C49-8AD4EE3E60B7}.Release|x64.Build.0 = Release|Any CPU
		{DB274326-3DC9-4CCB-9C49-8AD4EE3E60B7}.Release|x86.ActiveCfg = Release|Any CPU
		{DB274326-3DC9-4CCB-9C49-8AD4EE3E60B7}.Release|x86.Build.0 = Release|Any CPU
		{F53DA537-AE82-48B7-A84B-5F2013BC272C}.Debug|Any CPU.ActiveCfg = Debug|Any CPU
		{F53DA537-AE82-48B7-A84B-5F2013BC272C}.Debug|Any CPU.Build.0 = Debug|Any CPU
		{F53DA537-AE82-48B7-A84B-5F2013BC272C}.Debug|x64.ActiveCfg = Debug|Any CPU
		{F53DA537-AE82-48B7-A84B-5F2013BC272C}.Debug|x64.Build.0 = Debug|Any CPU
		{F53DA537-AE82-48B7-A84B-5F2013BC272C}.Debug|x86.ActiveCfg = Debug|Any CPU
		{F53DA537-AE82-48B7-A84B-5F2013BC272C}.Debug|x86.Build.0 = Debug|Any CPU
		{F53DA537-AE82-48B7-A84B-5F2013BC272C}.Release|Any CPU.ActiveCfg = Release|Any CPU
		{F53DA537-AE82-48B7-A84B-5F2013BC272C}.Release|Any CPU.Build.0 = Release|Any CPU
		{F53DA537-AE82-48B7-A84B-5F2013BC272C}.Release|x64.ActiveCfg = Release|Any CPU
		{F53DA537-AE82-48B7-A84B-5F2013BC272C}.Release|x64.Build.0 = Release|Any CPU
		{F53DA537-AE82-48B7-A84B-5F2013BC272C}.Release|x86.ActiveCfg = Release|Any CPU
		{F53DA537-AE82-48B7-A84B-5F2013BC272C}.Release|x86.Build.0 = Release|Any CPU
		{CD9AEBAA-78F4-4A78-BF06-0CB7D84D83E8}.Debug|Any CPU.ActiveCfg = Debug|Any CPU
		{CD9AEBAA-78F4-4A78-BF06-0CB7D84D83E8}.Debug|Any CPU.Build.0 = Debug|Any CPU
		{CD9AEBAA-78F4-4A78-BF06-0CB7D84D83E8}.Debug|x64.ActiveCfg = Debug|Any CPU
		{CD9AEBAA-78F4-4A78-BF06-0CB7D84D83E8}.Debug|x64.Build.0 = Debug|Any CPU
		{CD9AEBAA-78F4-4A78-BF06-0CB7D84D83E8}.Debug|x86.ActiveCfg = Debug|Any CPU
		{CD9AEBAA-78F4-4A78-BF06-0CB7D84D83E8}.Debug|x86.Build.0 = Debug|Any CPU
		{CD9AEBAA-78F4-4A78-BF06-0CB7D84D83E8}.Release|Any CPU.ActiveCfg = Release|Any CPU
		{CD9AEBAA-78F4-4A78-BF06-0CB7D84D83E8}.Release|Any CPU.Build.0 = Release|Any CPU
		{CD9AEBAA-78F4-4A78-BF06-0CB7D84D83E8}.Release|x64.ActiveCfg = Release|Any CPU
		{CD9AEBAA-78F4-4A78-BF06-0CB7D84D83E8}.Release|x64.Build.0 = Release|Any CPU
		{CD9AEBAA-78F4-4A78-BF06-0CB7D84D83E8}.Release|x86.ActiveCfg = Release|Any CPU
		{CD9AEBAA-78F4-4A78-BF06-0CB7D84D83E8}.Release|x86.Build.0 = Release|Any CPU
		{BDA26419-34AD-41E0-AF5F-980A0F1DABF5}.Debug|Any CPU.ActiveCfg = Debug|Any CPU
		{BDA26419-34AD-41E0-AF5F-980A0F1DABF5}.Debug|Any CPU.Build.0 = Debug|Any CPU
		{BDA26419-34AD-41E0-AF5F-980A0F1DABF5}.Debug|x64.ActiveCfg = Debug|Any CPU
		{BDA26419-34AD-41E0-AF5F-980A0F1DABF5}.Debug|x64.Build.0 = Debug|Any CPU
		{BDA26419-34AD-41E0-AF5F-980A0F1DABF5}.Debug|x86.ActiveCfg = Debug|Any CPU
		{BDA26419-34AD-41E0-AF5F-980A0F1DABF5}.Debug|x86.Build.0 = Debug|Any CPU
		{BDA26419-34AD-41E0-AF5F-980A0F1DABF5}.Release|Any CPU.ActiveCfg = Release|Any CPU
		{BDA26419-34AD-41E0-AF5F-980A0F1DABF5}.Release|Any CPU.Build.0 = Release|Any CPU
		{BDA26419-34AD-41E0-AF5F-980A0F1DABF5}.Release|x64.ActiveCfg = Release|Any CPU
		{BDA26419-34AD-41E0-AF5F-980A0F1DABF5}.Release|x64.Build.0 = Release|Any CPU
		{BDA26419-34AD-41E0-AF5F-980A0F1DABF5}.Release|x86.ActiveCfg = Release|Any CPU
		{BDA26419-34AD-41E0-AF5F-980A0F1DABF5}.Release|x86.Build.0 = Release|Any CPU
		{800938B6-EED3-41CC-A775-E3EE588C2857}.Debug|Any CPU.ActiveCfg = Debug|Any CPU
		{800938B6-EED3-41CC-A775-E3EE588C2857}.Debug|Any CPU.Build.0 = Debug|Any CPU
		{800938B6-EED3-41CC-A775-E3EE588C2857}.Debug|x64.ActiveCfg = Debug|Any CPU
		{800938B6-EED3-41CC-A775-E3EE588C2857}.Debug|x64.Build.0 = Debug|Any CPU
		{800938B6-EED3-41CC-A775-E3EE588C2857}.Debug|x86.ActiveCfg = Debug|Any CPU
		{800938B6-EED3-41CC-A775-E3EE588C2857}.Debug|x86.Build.0 = Debug|Any CPU
		{800938B6-EED3-41CC-A775-E3EE588C2857}.Release|Any CPU.ActiveCfg = Release|Any CPU
		{800938B6-EED3-41CC-A775-E3EE588C2857}.Release|Any CPU.Build.0 = Release|Any CPU
		{800938B6-EED3-41CC-A775-E3EE588C2857}.Release|x64.ActiveCfg = Release|Any CPU
		{800938B6-EED3-41CC-A775-E3EE588C2857}.Release|x64.Build.0 = Release|Any CPU
		{800938B6-EED3-41CC-A775-E3EE588C2857}.Release|x86.ActiveCfg = Release|Any CPU
		{800938B6-EED3-41CC-A775-E3EE588C2857}.Release|x86.Build.0 = Release|Any CPU
		{8D70BAC7-C4EF-456D-9E73-777A172BCA43}.Debug|Any CPU.ActiveCfg = Debug|Win32
		{8D70BAC7-C4EF-456D-9E73-777A172BCA43}.Debug|Any CPU.Build.0 = Debug|Win32
		{8D70BAC7-C4EF-456D-9E73-777A172BCA43}.Debug|x64.ActiveCfg = Debug|x64
		{8D70BAC7-C4EF-456D-9E73-777A172BCA43}.Debug|x64.Build.0 = Debug|x64
		{8D70BAC7-C4EF-456D-9E73-777A172BCA43}.Debug|x86.ActiveCfg = Debug|Win32
		{8D70BAC7-C4EF-456D-9E73-777A172BCA43}.Debug|x86.Build.0 = Debug|Win32
		{8D70BAC7-C4EF-456D-9E73-777A172BCA43}.Release|Any CPU.ActiveCfg = Release|Win32
		{8D70BAC7-C4EF-456D-9E73-777A172BCA43}.Release|Any CPU.Build.0 = Release|Win32
		{8D70BAC7-C4EF-456D-9E73-777A172BCA43}.Release|x64.ActiveCfg = Release|x64
		{8D70BAC7-C4EF-456D-9E73-777A172BCA43}.Release|x64.Build.0 = Release|x64
		{8D70BAC7-C4EF-456D-9E73-777A172BCA43}.Release|x86.ActiveCfg = Release|Win32
		{8D70BAC7-C4EF-456D-9E73-777A172BCA43}.Release|x86.Build.0 = Release|Win32
		{CF6E186C-FDD0-4558-B41A-ACC088393C56}.Debug|Any CPU.ActiveCfg = Debug|x86
		{CF6E186C-FDD0-4558-B41A-ACC088393C56}.Debug|Any CPU.Build.0 = Debug|x86
		{CF6E186C-FDD0-4558-B41A-ACC088393C56}.Debug|x64.ActiveCfg = Debug|x64
		{CF6E186C-FDD0-4558-B41A-ACC088393C56}.Debug|x64.Build.0 = Debug|x64
		{CF6E186C-FDD0-4558-B41A-ACC088393C56}.Debug|x86.ActiveCfg = Debug|x86
		{CF6E186C-FDD0-4558-B41A-ACC088393C56}.Debug|x86.Build.0 = Debug|x86
		{CF6E186C-FDD0-4558-B41A-ACC088393C56}.Release|Any CPU.ActiveCfg = Release|x86
		{CF6E186C-FDD0-4558-B41A-ACC088393C56}.Release|Any CPU.Build.0 = Release|x86
		{CF6E186C-FDD0-4558-B41A-ACC088393C56}.Release|x64.ActiveCfg = Release|x64
		{CF6E186C-FDD0-4558-B41A-ACC088393C56}.Release|x64.Build.0 = Release|x64
		{CF6E186C-FDD0-4558-B41A-ACC088393C56}.Release|x86.ActiveCfg = Release|x86
		{CF6E186C-FDD0-4558-B41A-ACC088393C56}.Release|x86.Build.0 = Release|x86
		{85EAF811-151B-4EDC-8625-445F33C62994}.Debug|Any CPU.ActiveCfg = Debug|Win32
		{85EAF811-151B-4EDC-8625-445F33C62994}.Debug|Any CPU.Build.0 = Debug|Win32
		{85EAF811-151B-4EDC-8625-445F33C62994}.Debug|x64.ActiveCfg = Debug|x64
		{85EAF811-151B-4EDC-8625-445F33C62994}.Debug|x64.Build.0 = Debug|x64
		{85EAF811-151B-4EDC-8625-445F33C62994}.Debug|x86.ActiveCfg = Debug|Win32
		{85EAF811-151B-4EDC-8625-445F33C62994}.Debug|x86.Build.0 = Debug|Win32
		{85EAF811-151B-4EDC-8625-445F33C62994}.Release|Any CPU.ActiveCfg = Release|Win32
		{85EAF811-151B-4EDC-8625-445F33C62994}.Release|Any CPU.Build.0 = Release|Win32
		{85EAF811-151B-4EDC-8625-445F33C62994}.Release|x64.ActiveCfg = Release|x64
		{85EAF811-151B-4EDC-8625-445F33C62994}.Release|x64.Build.0 = Release|x64
		{85EAF811-151B-4EDC-8625-445F33C62994}.Release|x86.ActiveCfg = Release|Win32
		{85EAF811-151B-4EDC-8625-445F33C62994}.Release|x86.Build.0 = Release|Win32
		{92886441-9338-4A6C-ABD7-8D5BFA0B7B41}.Debug|Any CPU.ActiveCfg = Debug|Any CPU
		{92886441-9338-4A6C-ABD7-8D5BFA0B7B41}.Debug|Any CPU.Build.0 = Debug|Any CPU
		{92886441-9338-4A6C-ABD7-8D5BFA0B7B41}.Debug|x64.ActiveCfg = Debug|Any CPU
		{92886441-9338-4A6C-ABD7-8D5BFA0B7B41}.Debug|x64.Build.0 = Debug|Any CPU
		{92886441-9338-4A6C-ABD7-8D5BFA0B7B41}.Debug|x86.ActiveCfg = Debug|Any CPU
		{92886441-9338-4A6C-ABD7-8D5BFA0B7B41}.Debug|x86.Build.0 = Debug|Any CPU
		{92886441-9338-4A6C-ABD7-8D5BFA0B7B41}.Release|Any CPU.ActiveCfg = Release|Any CPU
		{92886441-9338-4A6C-ABD7-8D5BFA0B7B41}.Release|Any CPU.Build.0 = Release|Any CPU
		{92886441-9338-4A6C-ABD7-8D5BFA0B7B41}.Release|x64.ActiveCfg = Release|Any CPU
		{92886441-9338-4A6C-ABD7-8D5BFA0B7B41}.Release|x64.Build.0 = Release|Any CPU
		{92886441-9338-4A6C-ABD7-8D5BFA0B7B41}.Release|x86.ActiveCfg = Release|Any CPU
		{92886441-9338-4A6C-ABD7-8D5BFA0B7B41}.Release|x86.Build.0 = Release|Any CPU
		{15402ECE-AA3B-4773-82F8-9481A316F339}.Debug|Any CPU.ActiveCfg = Debug|Any CPU
		{15402ECE-AA3B-4773-82F8-9481A316F339}.Debug|Any CPU.Build.0 = Debug|Any CPU
		{15402ECE-AA3B-4773-82F8-9481A316F339}.Debug|x64.ActiveCfg = Debug|Any CPU
		{15402ECE-AA3B-4773-82F8-9481A316F339}.Debug|x64.Build.0 = Debug|Any CPU
		{15402ECE-AA3B-4773-82F8-9481A316F339}.Debug|x86.ActiveCfg = Debug|Any CPU
		{15402ECE-AA3B-4773-82F8-9481A316F339}.Debug|x86.Build.0 = Debug|Any CPU
		{15402ECE-AA3B-4773-82F8-9481A316F339}.Release|Any CPU.ActiveCfg = Release|Any CPU
		{15402ECE-AA3B-4773-82F8-9481A316F339}.Release|Any CPU.Build.0 = Release|Any CPU
		{15402ECE-AA3B-4773-82F8-9481A316F339}.Release|x64.ActiveCfg = Release|Any CPU
		{15402ECE-AA3B-4773-82F8-9481A316F339}.Release|x64.Build.0 = Release|Any CPU
		{15402ECE-AA3B-4773-82F8-9481A316F339}.Release|x86.ActiveCfg = Release|Any CPU
		{15402ECE-AA3B-4773-82F8-9481A316F339}.Release|x86.Build.0 = Release|Any CPU
	EndGlobalSection
	GlobalSection(SolutionProperties) = preSolution
		HideSolutionNode = FALSE
	EndGlobalSection
	GlobalSection(NestedProjects) = preSolution
		{161FFDEB-306D-4C68-9645-F4006A73F607} = {434F54AD-0845-4F63-ACB2-162105A1A741}
		{DB274326-3DC9-4CCB-9C49-8AD4EE3E60B7} = {434F54AD-0845-4F63-ACB2-162105A1A741}
		{BDA26419-34AD-41E0-AF5F-980A0F1DABF5} = {434F54AD-0845-4F63-ACB2-162105A1A741}
		{800938B6-EED3-41CC-A775-E3EE588C2857} = {434F54AD-0845-4F63-ACB2-162105A1A741}
		{8D70BAC7-C4EF-456D-9E73-777A172BCA43} = {434F54AD-0845-4F63-ACB2-162105A1A741}
		{CF6E186C-FDD0-4558-B41A-ACC088393C56} = {434F54AD-0845-4F63-ACB2-162105A1A741}
		{85EAF811-151B-4EDC-8625-445F33C62994} = {434F54AD-0845-4F63-ACB2-162105A1A741}
		{15402ECE-AA3B-4773-82F8-9481A316F339} = {434F54AD-0845-4F63-ACB2-162105A1A741}
	EndGlobalSection
EndGlobal
