
Microsoft Visual Studio Solution File, Format Version 12.00
# Visual Studio 14
VisualStudioVersion = 14.0.23107.0
MinimumVisualStudioVersion = 10.0.40219.1
Project("{FAE04EC0-301F-11D3-BF4B-00C04F79EFBC}") = "Costura", "Costura\Costura.csproj", "{E5622B74-B6C6-46A5-9207-0872533E6C2F}"
	ProjectSection(ProjectDependencies) = postProject
		{CD9AEBAA-78F4-4A78-BF06-0CB7D84D83E8} = {CD9AEBAA-78F4-4A78-BF06-0CB7D84D83E8}
	EndProjectSection
EndProject
Project("{2150E333-8FDC-42A3-9474-1A3956D46DE8}") = "TestAssemblies", "TestAssemblies", "{434F54AD-0845-4F63-ACB2-162105A1A741}"
EndProject
Project("{FAE04EC0-301F-11D3-BF4B-00C04F79EFBC}") = "AssemblyToReference", "AssemblyToReference\AssemblyToReference.csproj", "{161FFDEB-306D-4C68-9645-F4006A73F607}"
EndProject
Project("{FAE04EC0-301F-11D3-BF4B-00C04F79EFBC}") = "ExeToProcess", "ExeToProcess\ExeToProcess.csproj", "{DB274326-3DC9-4CCB-9C49-8AD4EE3E60B7}"
EndProject
Project("{FAE04EC0-301F-11D3-BF4B-00C04F79EFBC}") = "Costura.Tests", "Costura.Tests\Costura.Tests.csproj", "{F53DA537-AE82-48B7-A84B-5F2013BC272C}"
EndProject
Project("{FAE04EC0-301F-11D3-BF4B-00C04F79EFBC}") = "Costura.Template", "Costura.Template\Costura.Template.csproj", "{CD9AEBAA-78F4-4A78-BF06-0CB7D84D83E8}"
EndProject
Global
	GlobalSection(SolutionConfigurationPlatforms) = preSolution
		Debug|Any CPU = Debug|Any CPU
		Release|Any CPU = Release|Any CPU
	EndGlobalSection
	GlobalSection(ProjectConfigurationPlatforms) = postSolution
		{E5622B74-B6C6-46A5-9207-0872533E6C2F}.Debug|Any CPU.ActiveCfg = Debug|Any CPU
		{E5622B74-B6C6-46A5-9207-0872533E6C2F}.Debug|Any CPU.Build.0 = Debug|Any CPU
		{E5622B74-B6C6-46A5-9207-0872533E6C2F}.Release|Any CPU.ActiveCfg = Release|Any CPU
		{E5622B74-B6C6-46A5-9207-0872533E6C2F}.Release|Any CPU.Build.0 = Release|Any CPU
		{161FFDEB-306D-4C68-9645-F4006A73F607}.Debug|Any CPU.ActiveCfg = Debug|Any CPU
		{161FFDEB-306D-4C68-9645-F4006A73F607}.Debug|Any CPU.Build.0 = Debug|Any CPU
		{161FFDEB-306D-4C68-9645-F4006A73F607}.Release|Any CPU.ActiveCfg = Release|Any CPU
		{161FFDEB-306D-4C68-9645-F4006A73F607}.Release|Any CPU.Build.0 = Release|Any CPU
		{DB274326-3DC9-4CCB-9C49-8AD4EE3E60B7}.Debug|Any CPU.ActiveCfg = Debug|Any CPU
		{DB274326-3DC9-4CCB-9C49-8AD4EE3E60B7}.Debug|Any CPU.Build.0 = Debug|Any CPU
		{DB274326-3DC9-4CCB-9C49-8AD4EE3E60B7}.Release|Any CPU.ActiveCfg = Release|Any CPU
		{DB274326-3DC9-4CCB-9C49-8AD4EE3E60B7}.Release|Any CPU.Build.0 = Release|Any CPU
		{F53DA537-AE82-48B7-A84B-5F2013BC272C}.Debug|Any CPU.ActiveCfg = Debug|Any CPU
		{F53DA537-AE82-48B7-A84B-5F2013BC272C}.Debug|Any CPU.Build.0 = Debug|Any CPU
		{F53DA537-AE82-48B7-A84B-5F2013BC272C}.Release|Any CPU.ActiveCfg = Release|Any CPU
		{F53DA537-AE82-48B7-A84B-5F2013BC272C}.Release|Any CPU.Build.0 = Release|Any CPU
		{CD9AEBAA-78F4-4A78-BF06-0CB7D84D83E8}.Debug|Any CPU.ActiveCfg = Debug|Any CPU
		{CD9AEBAA-78F4-4A78-BF06-0CB7D84D83E8}.Debug|Any CPU.Build.0 = Debug|Any CPU
		{CD9AEBAA-78F4-4A78-BF06-0CB7D84D83E8}.Release|Any CPU.ActiveCfg = Release|Any CPU
		{CD9AEBAA-78F4-4A78-BF06-0CB7D84D83E8}.Release|Any CPU.Build.0 = Release|Any CPU
	EndGlobalSection
	GlobalSection(SolutionProperties) = preSolution
		HideSolutionNode = FALSE
	EndGlobalSection
	GlobalSection(NestedProjects) = preSolution
		{161FFDEB-306D-4C68-9645-F4006A73F607} = {434F54AD-0845-4F63-ACB2-162105A1A741}
		{DB274326-3DC9-4CCB-9C49-8AD4EE3E60B7} = {434F54AD-0845-4F63-ACB2-162105A1A741}
	EndGlobalSection
EndGlobal
